
Microsoft Visual Studio Solution File, Format Version 12.00
# Visual Studio Version 17
VisualStudioVersion = 17.3.32929.385
MinimumVisualStudioVersion = 10.0.40219.1
Project("{8BC9CEB8-8B4A-11D0-8D11-00A0C91BC942}") = "DataRenderLib", "DataRenderLib\DataRenderLib.vcxproj", "{D2586FD8-1DBC-465E-B700-B2D0CC57B14B}"
EndProject
Project("{8BC9CEB8-8B4A-11D0-8D11-00A0C91BC942}") = "DirectXLib", "DirectXLib\DirectXLib.vcxproj", "{2DBE5D26-D22D-4F15-BADB-BE6494D0F9A6}"
EndProject
Project("{8BC9CEB8-8B4A-11D0-8D11-00A0C91BC942}") = "EffectLib", "EffectLib\EffectLib.vcxproj", "{9639CC74-33DC-4F49-A92C-BF8C6885E466}"
EndProject
Project("{8BC9CEB8-8B4A-11D0-8D11-00A0C91BC942}") = "EtcLib", "EtcLib\EtcLib.vcxproj", "{0FD86346-8161-4035-90CF-C4A5E6F38DB7}"
EndProject
Project("{8BC9CEB8-8B4A-11D0-8D11-00A0C91BC942}") = "InterfaceLib", "InterfaceLib\InterfaceLib.vcxproj", "{14E488CB-535D-4499-8086-90C8136D106B}"
EndProject
Project("{8BC9CEB8-8B4A-11D0-8D11-00A0C91BC942}") = "ProjectAtum", "ProjectAtum\ProjectAtum.vcxproj", "{7E204FA6-9FBF-4D57-B83D-9FD1F5DE2D73}"
EndProject
Project("{8BC9CEB8-8B4A-11D0-8D11-00A0C91BC942}") = "SkinnedMeshLib", "SkinnedMeshLib\SkinnedMeshLib.vcxproj", "{9D2EA675-DD64-4B13-AACF-D5791CBAA705}"
EndProject
Project("{8BC9CEB8-8B4A-11D0-8D11-00A0C91BC942}") = "SocketLib", "SocketLib\SocketLib.vcxproj", "{0A228F6E-B6FC-47F7-84ED-3E1794D17FFF}"
EndProject
Project("{2150E333-8FDC-42A3-9474-1A3956D46DE8}") = "Org. Stuff", "Org. Stuff", "{0FB9DD91-F272-425C-A714-C36D87AA7BB2}"
	ProjectSection(SolutionItems) = preProject
		..\..\TODO.txt = ..\..\TODO.txt
	EndProjectSection
EndProject
Project("{2150E333-8FDC-42A3-9474-1A3956D46DE8}") = "Common", "Common", "{1625FC28-4A06-40F0-95A9-09F6B90CCB56}"
	ProjectSection(SolutionItems) = preProject
		..\..\Common\AceOnlineSQL.h = ..\..\Common\AceOnlineSQL.h
		..\..\Common\AntiCpSvrFunc.h = ..\..\Common\AntiCpSvrFunc.h
		..\..\Common\AntiCpXSvr.h = ..\..\Common\AntiCpXSvr.h
		..\..\Common\ApexClient.h = ..\..\Common\ApexClient.h
		..\..\Common\ArarioAuth.h = ..\..\Common\ArarioAuth.h
		..\..\Common\ArAuth4Cli.h = ..\..\Common\ArAuth4Cli.h
		..\..\Common\ArBilling.h = ..\..\Common\ArBilling.h
		..\..\Common\ArFunctor.h = ..\..\Common\ArFunctor.h
		..\..\Common\ArtpErrorCode.h = ..\..\Common\ArtpErrorCode.h
		..\..\Common\ArtpProtocol.h = ..\..\Common\ArtpProtocol.h
		..\..\Common\AtumData.cpp = ..\..\Common\AtumData.cpp
		..\..\Common\AtumData.h = ..\..\Common\AtumData.h
		..\..\Common\AtumDataLoader.h = ..\..\Common\AtumDataLoader.h
		..\..\Common\AtumDateTime.cpp = ..\..\Common\AtumDateTime.cpp
		..\..\Common\AtumDateTime.h = ..\..\Common\AtumDateTime.h
		..\..\Common\AtumDBHelper.cpp = ..\..\Common\AtumDBHelper.cpp
		..\..\Common\AtumDBHelper.cpp.bak = ..\..\Common\AtumDBHelper.cpp.bak
		..\..\Common\AtumDBHelper.h = ..\..\Common\AtumDBHelper.h
		..\..\Common\AtumDBLogWriter.cpp = ..\..\Common\AtumDBLogWriter.cpp
		..\..\Common\AtumDBLogWriter.h = ..\..\Common\AtumDBLogWriter.h
		..\..\Common\AtumDBManager.cpp = ..\..\Common\AtumDBManager.cpp
		..\..\Common\AtumDBManager.cpp.bak = ..\..\Common\AtumDBManager.cpp.bak
		..\..\Common\AtumDBManager.h = ..\..\Common\AtumDBManager.h
		..\..\Common\AtumDefine.h = ..\..\Common\AtumDefine.h
		..\..\Common\AtumError.h = ..\..\Common\AtumError.h
		..\..\Common\AtumGlobal.cpp = ..\..\Common\AtumGlobal.cpp
		..\..\Common\AtumGlobal.h = ..\..\Common\AtumGlobal.h
		..\..\Common\AtumLogSender.cpp = ..\..\Common\AtumLogSender.cpp
		..\..\Common\AtumLogSender.h = ..\..\Common\AtumLogSender.h
		..\..\Common\AtumNode.cpp = ..\..\Common\AtumNode.cpp
		..\..\Common\AtumNode.h = ..\..\Common\AtumNode.h
		..\..\Common\AtumParam.h = ..\..\Common\AtumParam.h
		..\..\Common\AtumParam.h.bak = ..\..\Common\AtumParam.h.bak
		..\..\Common\AtumParamProtocol.cpp = ..\..\Common\AtumParamProtocol.cpp
		..\..\Common\AtumParamProtocol.cpp.bak = ..\..\Common\AtumParamProtocol.cpp.bak
		..\..\Common\AtumParamProtocolFunctions.cpp = ..\..\Common\AtumParamProtocolFunctions.cpp
		..\..\Common\AtumParamProtocolFunctions.cpp.bak = ..\..\Common\AtumParamProtocolFunctions.cpp.bak
		..\..\Common\AtumProtocol.h = ..\..\Common\AtumProtocol.h
		..\..\Common\AtumProtocol.h.bak = ..\..\Common\AtumProtocol.h.bak
		..\..\Common\AtumProtocolVoIP.h = ..\..\Common\AtumProtocolVoIP.h
		..\..\Common\AtumSJ.cpp = ..\..\Common\AtumSJ.cpp
		..\..\Common\AtumSJ.cpp.bak = ..\..\Common\AtumSJ.cpp.bak
		..\..\Common\AtumSJ.h = ..\..\Common\AtumSJ.h
		..\..\Common\AtumSound.cpp = ..\..\Common\AtumSound.cpp
		..\..\Common\AtumSound.h = ..\..\Common\AtumSound.h
		..\..\Common\AtumThread.cpp = ..\..\Common\AtumThread.cpp
		..\..\Common\AtumThread.h = ..\..\Common\AtumThread.h
		..\..\Common\AtumTime.h = ..\..\Common\AtumTime.h
		..\..\Common\AtumTypedef.h = ..\..\Common\AtumTypedef.h
		..\..\Common\AuthFunctor.h = ..\..\Common\AuthFunctor.h
		..\..\Common\BillingArario.h = ..\..\Common\BillingArario.h
		..\..\Common\BillingLib.h = ..\..\Common\BillingLib.h
		..\..\Common\BillingNetpowerTpe.h = ..\..\Common\BillingNetpowerTpe.h
		..\..\Common\BillingWikigames.h = ..\..\Common\BillingWikigames.h
		..\..\Common\Billing_Yetime_Chn.cpp = ..\..\Common\Billing_Yetime_Chn.cpp
		..\..\Common\Billing_Yetime_Chn.h = ..\..\Common\Billing_Yetime_Chn.h
		..\..\Common\BOQBillLib4Cowboy.h = ..\..\Common\BOQBillLib4Cowboy.h
		..\..\Common\BrowseForFolder.cpp = ..\..\Common\BrowseForFolder.cpp
		..\..\Common\BrowseForFolder.h = ..\..\Common\BrowseForFolder.h
		..\..\Common\buildnum.exe = ..\..\Common\buildnum.exe
		..\..\Common\buildnumber.h = ..\..\Common\buildnumber.h
		..\..\Common\ChatBlockManager.cpp = ..\..\Common\ChatBlockManager.cpp
		..\..\Common\ChatBlockManager.h = ..\..\Common\ChatBlockManager.h
		..\..\Common\CommandHistory.cpp = ..\..\Common\CommandHistory.cpp
		..\..\Common\CommandHistory.h = ..\..\Common\CommandHistory.h
		..\..\Common\Config.cpp = ..\..\Common\Config.cpp
		..\..\Common\Config.h = ..\..\Common\Config.h
		..\..\Common\Contents.h = ..\..\Common\Contents.h
		..\..\Common\CountdownChecker.cpp = ..\..\Common\CountdownChecker.cpp
		..\..\Common\CountdownChecker.h = ..\..\Common\CountdownChecker.h
		..\..\Common\dbghelp.h = ..\..\Common\dbghelp.h
		..\..\Common\DbgOut_Authentication.h = ..\..\Common\DbgOut_Authentication.h
		..\..\Common\DbgOut_C.h = ..\..\Common\DbgOut_C.h
		..\..\Common\DbgOut_C.h.bak = ..\..\Common\DbgOut_C.h.bak
		..\..\Common\DbgOut_Field.h = ..\..\Common\DbgOut_Field.h
		..\..\Common\DbgOut_IM.h = ..\..\Common\DbgOut_IM.h
		..\..\Common\DbgOut_IM.h.bak = ..\..\Common\DbgOut_IM.h.bak
		..\..\Common\DbgOut_Log.h = ..\..\Common\DbgOut_Log.h
		..\..\Common\DbgOut_Monitor.h = ..\..\Common\DbgOut_Monitor.h
		..\..\Common\DbgOut_Monitor.h.bak = ..\..\Common\DbgOut_Monitor.h.bak
		..\..\Common\DbgOut_NPC.h = ..\..\Common\DbgOut_NPC.h
		..\..\Common\DbgOut_Pre.h = ..\..\Common\DbgOut_Pre.h
		..\..\Common\DbgOut_S.h = ..\..\Common\DbgOut_S.h
		..\..\Common\Debuff.cpp = ..\..\Common\Debuff.cpp
		..\..\Common\Debuff.h = ..\..\Common\Debuff.h
		..\..\Common\DebugAssert.h = ..\..\Common\DebugAssert.h
		..\..\Common\DebugCheckTime.h = ..\..\Common\DebugCheckTime.h
		..\..\Common\DefineGlobal.h = ..\..\Common\DefineGlobal.h
		..\..\Common\DefineGlobal.h.bak = ..\..\Common\DefineGlobal.h.bak
		..\..\Common\Dot.cpp = ..\..\Common\Dot.cpp
		..\..\Common\Dot.h = ..\..\Common\Dot.h
		..\..\Common\frost.bmp.h = ..\..\Common\frost.bmp.h
		..\..\Common\FunctionLog.cpp = ..\..\Common\FunctionLog.cpp
		..\..\Common\FunctionLog.h = ..\..\Common\FunctionLog.h
		..\..\Common\FunctionLogGFunctions.cpp = ..\..\Common\FunctionLogGFunctions.cpp
		..\..\Common\FunctionLogGFunctions.h = ..\..\Common\FunctionLogGFunctions.h
		..\..\Common\GameDataLast.cpp = ..\..\Common\GameDataLast.cpp
		..\..\Common\GameDataLast.h = ..\..\Common\GameDataLast.h
		..\..\Common\GenericHTTPClient.cpp = ..\..\Common\GenericHTTPClient.cpp
		..\..\Common\GenericHTTPClient.h = ..\..\Common\GenericHTTPClient.h
		..\..\Common\GenericHTTPClient.h.bak = ..\..\Common\GenericHTTPClient.h.bak
		..\..\Common\GFBillingLib.h = ..\..\Common\GFBillingLib.h
		..\..\Common\Global.cpp = ..\..\Common\Global.cpp
		..\..\Common\Global.cpp.bak = ..\..\Common\Global.cpp.bak
		..\..\Common\Global.h = ..\..\Common\Global.h
		..\..\Common\GlobalFunc.cpp = ..\..\Common\GlobalFunc.cpp
		..\..\Common\GlobalFunc.h = ..\..\Common\GlobalFunc.h
		..\..\Common\GlobalGameServer.cpp = ..\..\Common\GlobalGameServer.cpp
		..\..\Common\GlobalGameServer.cpp.bak = ..\..\Common\GlobalGameServer.cpp.bak
		..\..\Common\GlobalGameServer.h = ..\..\Common\GlobalGameServer.h
		..\..\Common\GlobalGameServer.h.bak = ..\..\Common\GlobalGameServer.h.bak
		..\..\Common\Guild.cpp = ..\..\Common\Guild.cpp
		..\..\Common\Guild.h = ..\..\Common\Guild.h
		..\..\Common\HistoryComboBox.cpp = ..\..\Common\HistoryComboBox.cpp
		..\..\Common\historycombobox.h = ..\..\Common\historycombobox.h
		..\..\Common\HPAction.cpp = ..\..\Common\HPAction.cpp
		..\..\Common\HPAction.cpp.bak = ..\..\Common\HPAction.cpp.bak
		..\..\Common\HPAction.h = ..\..\Common\HPAction.h
		..\..\Common\HShield.h = ..\..\Common\HShield.h
		..\..\Common\HttpManager.cpp = ..\..\Common\HttpManager.cpp
		..\..\Common\HttpManager.h = ..\..\Common\HttpManager.h
		..\..\Common\Iexplore.cpp = ..\..\Common\Iexplore.cpp
		..\..\Common\IExplore.h = ..\..\Common\IExplore.h
		..\..\Common\INIReader.cpp = ..\..\Common\INIReader.cpp
		..\..\Common\INIReader.h = ..\..\Common\INIReader.h
		..\..\Common\InnovaLibrary.cpp = ..\..\Common\InnovaLibrary.cpp
		..\..\Common\InnovaLibrary.h = ..\..\Common\InnovaLibrary.h
		..\..\Common\integration_api.h = ..\..\Common\integration_api.h
		..\..\Common\IOCP.cpp = ..\..\Common\IOCP.cpp
		..\..\Common\IOCP.cpp.bak = ..\..\Common\IOCP.cpp.bak
		..\..\Common\IOCP.h = ..\..\Common\IOCP.h
		..\..\Common\IOCPSocket.cpp = ..\..\Common\IOCPSocket.cpp
		..\..\Common\IOCPSocket.cpp.bak = ..\..\Common\IOCPSocket.cpp.bak
		..\..\Common\IOCPSocket.h = ..\..\Common\IOCPSocket.h
		..\..\Common\ListBoxEBX.cpp = ..\..\Common\ListBoxEBX.cpp
		..\..\Common\ListBoxEBX.h = ..\..\Common\ListBoxEBX.h
		..\..\Common\LoadLibrary.cpp = ..\..\Common\LoadLibrary.cpp
		..\..\Common\LoadLibrary.h = ..\..\Common\LoadLibrary.h
		..\..\Common\Localization.cpp = ..\..\Common\Localization.cpp
		..\..\Common\Localization.h = ..\..\Common\Localization.h
		..\..\Common\LocalizationDefineCommon.h = ..\..\Common\LocalizationDefineCommon.h
		..\..\Common\LocalizationDefineCommon.h.bak = ..\..\Common\LocalizationDefineCommon.h.bak
		..\..\Common\LocalizeSetting.h = ..\..\Common\LocalizeSetting.h
		..\..\Common\ly4cpp.h = ..\..\Common\ly4cpp.h
		..\..\Common\MapBlock.cpp = ..\..\Common\MapBlock.cpp
		..\..\Common\MapBlock.h = ..\..\Common\MapBlock.h
		..\..\Common\MapChannel.cpp = ..\..\Common\MapChannel.cpp
		..\..\Common\MapChannel.h = ..\..\Common\MapChannel.h
		..\..\Common\MapProject.cpp = ..\..\Common\MapProject.cpp
		..\..\Common\MapProject.cpp.bak = ..\..\Common\MapProject.cpp.bak
		..\..\Common\MapProject.h = ..\..\Common\MapProject.h
		..\..\Common\MapProject.h.bak = ..\..\Common\MapProject.h.bak
		..\..\Common\MapWorkspace.cpp = ..\..\Common\MapWorkspace.cpp
		..\..\Common\MapWorkspace.h = ..\..\Common\MapWorkspace.h
		..\..\Common\md5.cpp = ..\..\Common\md5.cpp
		..\..\Common\md5.h = ..\..\Common\md5.h
		..\..\Common\md5_lib_src.cpp = ..\..\Common\md5_lib_src.cpp
		..\..\Common\md5_lib_src.h = ..\..\Common\md5_lib_src.h
		..\..\Common\MemPoolClient.cpp = ..\..\Common\MemPoolClient.cpp
		..\..\Common\MemPoolClient.h = ..\..\Common\MemPoolClient.h
		..\..\Common\MersenneTwister.h = ..\..\Common\MersenneTwister.h
		..\..\Common\MersenneTwister.h.bak = ..\..\Common\MersenneTwister.h.bak
		..\..\Common\metafile.cpp = ..\..\Common\metafile.cpp
		..\..\Common\metafile.h = ..\..\Common\metafile.h
		..\..\Common\MGameDecryption.cpp = ..\..\Common\MGameDecryption.cpp
		..\..\Common\MGameDecryption.h = ..\..\Common\MGameDecryption.h
		..\..\Common\Monster.cpp = ..\..\Common\Monster.cpp
		..\..\Common\Monster.h = ..\..\Common\Monster.h
		..\..\Common\Monster.h.bak = ..\..\Common\Monster.h.bak
		..\..\Common\MonsterDBAccess.cpp = ..\..\Common\MonsterDBAccess.cpp
		..\..\Common\MonsterDBAccess.cpp.bak = ..\..\Common\MonsterDBAccess.cpp.bak
		..\..\Common\MonsterDBAccess.h = ..\..\Common\MonsterDBAccess.h
		..\..\Common\MonsterDBAccess.h.bak = ..\..\Common\MonsterDBAccess.h.bak
		..\..\Common\MTAutoCriticalSection.cpp = ..\..\Common\MTAutoCriticalSection.cpp
		..\..\Common\MTAutoCriticalSection.h = ..\..\Common\MTAutoCriticalSection.h
		..\..\Common\MTCriticalSection.cpp = ..\..\Common\MTCriticalSection.cpp
		..\..\Common\MTCriticalSection.h = ..\..\Common\MTCriticalSection.h
		..\..\Common\mt_stl.h = ..\..\Common\mt_stl.h
		..\..\Common\NPCScripts.cpp = ..\..\Common\NPCScripts.cpp
		..\..\Common\NPCScripts.h = ..\..\Common\NPCScripts.h
		..\..\Common\NPGameLib.h = ..\..\Common\NPGameLib.h
		..\..\Common\ObjectDefine.h = ..\..\Common\ObjectDefine.h
		..\..\Common\ODBCStatement.cpp = ..\..\Common\ODBCStatement.cpp
		..\..\Common\ODBCStatement.h = ..\..\Common\ODBCStatement.h
		..\..\Common\ODBCStatement.h.bak = ..\..\Common\ODBCStatement.h.bak
		..\..\Common\Overlapped.cpp = ..\..\Common\Overlapped.cpp
		..\..\Common\Overlapped.h = ..\..\Common\Overlapped.h
		..\..\Common\Quest.cpp = ..\..\Common\Quest.cpp
		..\..\Common\Quest.h = ..\..\Common\Quest.h
		..\..\Common\QuestLoaderParser.h = ..\..\Common\QuestLoaderParser.h
		..\..\Common\QueueINT.cpp = ..\..\Common\QueueINT.cpp
		..\..\Common\QueueINT.h = ..\..\Common\QueueINT.h
		..\..\Common\RegistryControl.cpp = ..\..\Common\RegistryControl.cpp
		..\..\Common\RegistryControl.h = ..\..\Common\RegistryControl.h
		..\..\Common\SCServerDBConnDlg.cpp = ..\..\Common\SCServerDBConnDlg.cpp
		..\..\Common\SCServerDBConnDlg.h = ..\..\Common\SCServerDBConnDlg.h
		..\..\Common\SecurityManager.cpp = ..\..\Common\SecurityManager.cpp
		..\..\Common\SecurityManager.cpp.bak = ..\..\Common\SecurityManager.cpp.bak
		..\..\Common\SecurityManager.h = ..\..\Common\SecurityManager.h
		..\..\Common\ServerGroup.cpp = ..\..\Common\ServerGroup.cpp
		..\..\Common\ServerGroup.h = ..\..\Common\ServerGroup.h
		..\..\Common\sha256.cpp = ..\..\Common\sha256.cpp
		..\..\Common\sha256.h = ..\..\Common\sha256.h
		..\..\Common\shieldSecurity.cpp = ..\..\Common\shieldSecurity.cpp
		..\..\Common\shieldSecurity.h = ..\..\Common\shieldSecurity.h
		..\..\Common\shieldSecurityDll.cpp = ..\..\Common\shieldSecurityDll.cpp
		..\..\Common\shieldSecurityDll.h = ..\..\Common\shieldSecurityDll.h
		..\..\Common\skill.cpp = ..\..\Common\skill.cpp
		..\..\Common\skill.h = ..\..\Common\skill.h
		..\..\Common\SOAPConnect.cpp = ..\..\Common\SOAPConnect.cpp
		..\..\Common\SOAPConnect.h = ..\..\Common\SOAPConnect.h
		..\..\Common\SocketHeader.cpp = ..\..\Common\SocketHeader.cpp
		..\..\Common\SocketHeader.h = ..\..\Common\SocketHeader.h
		..\..\Common\SocketHeader.h.bak = ..\..\Common\SocketHeader.h.bak
		..\..\Common\SQLReader.cpp = ..\..\Common\SQLReader.cpp
		..\..\Common\SQLReader.h = ..\..\Common\SQLReader.h
		..\..\Common\stopwatch.h = ..\..\Common\stopwatch.h
		..\..\Common\StringDefine.h = ..\..\Common\StringDefine.h
		..\..\Common\StringDefineProcedure.h = ..\..\Common\StringDefineProcedure.h
		..\..\Common\StringDefineQuery.h = ..\..\Common\StringDefineQuery.h
		..\..\Common\StringDefineSecurityCommand.h = ..\..\Common\StringDefineSecurityCommand.h
		..\..\Common\StringDefineServer.h = ..\..\Common\StringDefineServer.h
		..\..\Common\SystemLogManager.cpp = ..\..\Common\SystemLogManager.cpp
		..\..\Common\SystemLogManager.h = ..\..\Common\SystemLogManager.h
		..\..\Common\ThreadCheck.cpp = ..\..\Common\ThreadCheck.cpp
		..\..\Common\ThreadCheck.cpp.bak = ..\..\Common\ThreadCheck.cpp.bak
		..\..\Common\ThreadCheck.h = ..\..\Common\ThreadCheck.h
		..\..\Common\ThreadCheck.h.bak = ..\..\Common\ThreadCheck.h.bak
		..\..\Common\TickManager.cpp = ..\..\Common\TickManager.cpp
		..\..\Common\TickManager.h = ..\..\Common\TickManager.h
		..\..\Common\UserVariable.cpp = ..\..\Common\UserVariable.cpp
		..\..\Common\UserVariable.h = ..\..\Common\UserVariable.h
		..\..\Common\utility.cpp = ..\..\Common\utility.cpp
		..\..\Common\utility.h = ..\..\Common\utility.h
		..\..\Common\VietnamChar.h = ..\..\Common\VietnamChar.h
		..\..\Common\VMem.cpp = ..\..\Common\VMem.cpp
		..\..\Common\VMem.h = ..\..\Common\VMem.h
		..\..\Common\VMemClient.cpp = ..\..\Common\VMemClient.cpp
		..\..\Common\VMemClient.h = ..\..\Common\VMemClient.h
		..\..\Common\VMemPool.cpp = ..\..\Common\VMemPool.cpp
		..\..\Common\VMemPool.h = ..\..\Common\VMemPool.h
		..\..\Common\VMemPool.h.bak = ..\..\Common\VMemPool.h.bak
		..\..\Common\VoIPError.h = ..\..\Common\VoIPError.h
		..\..\Common\VoIPParam.cpp = ..\..\Common\VoIPParam.cpp
		..\..\Common\VoIPParam.h = ..\..\Common\VoIPParam.h
		..\..\Common\VoIPProtocol.cpp = ..\..\Common\VoIPProtocol.cpp
		..\..\Common\VoIPProtocol.h = ..\..\Common\VoIPProtocol.h
		..\..\Common\VTCQuerySC.h = ..\..\Common\VTCQuerySC.h
		..\..\Common\WavePlayer.cpp = ..\..\Common\WavePlayer.cpp
		..\..\Common\WavePlayer.h = ..\..\Common\WavePlayer.h
		..\..\Common\WayPointManager.cpp = ..\..\Common\WayPointManager.cpp
		..\..\Common\WayPointManager.cpp.bak = ..\..\Common\WayPointManager.cpp.bak
		..\..\Common\WayPointManager.h = ..\..\Common\WayPointManager.h
		..\..\Common\WinPacket.cpp = ..\..\Common\WinPacket.cpp
		..\..\Common\WinPacket.h = ..\..\Common\WinPacket.h
		..\..\Common\WinSocket.cpp = ..\..\Common\WinSocket.cpp
		..\..\Common\WinSocket.h = ..\..\Common\WinSocket.h
		..\..\Common\XOR_Lib.cpp = ..\..\Common\XOR_Lib.cpp
		..\..\Common\XOR_Lib.h = ..\..\Common\XOR_Lib.h
		..\..\Common\Xtrap_C_Interface.h = ..\..\Common\Xtrap_C_Interface.h
		..\..\Common\zwave_sdk_client.cpp = ..\..\Common\zwave_sdk_client.cpp
		..\..\Common\zwave_sdk_client.h = ..\..\Common\zwave_sdk_client.h
		..\..\Common\zwave_sdk_client_stub0.inc = ..\..\Common\zwave_sdk_client_stub0.inc
		..\..\Common\zwave_sdk_client_stub1.inc = ..\..\Common\zwave_sdk_client_stub1.inc
		..\..\Common\zwave_sdk_client_stub2.inc = ..\..\Common\zwave_sdk_client_stub2.inc
		..\..\Common\zwave_sdk_client_stub3.inc = ..\..\Common\zwave_sdk_client_stub3.inc
		..\..\Common\zwave_sdk_client_stub4.inc = ..\..\Common\zwave_sdk_client_stub4.inc
		..\..\Common\zwave_sdk_server.h = ..\..\Common\zwave_sdk_server.h
	EndProjectSection
EndProject
Global
	GlobalSection(SolutionConfigurationPlatforms) = preSolution
		OldSchoolRivals_Release|Win32 = OldSchoolRivals_Release|Win32
		OldSchoolRivals_Release|x64 = OldSchoolRivals_Release|x64
		OSR_Debug_Fuzzer|Win32 = OSR_Debug_Fuzzer|Win32
		OSR_Debug_Fuzzer|x64 = OSR_Debug_Fuzzer|x64
		OSR_Debug_Sanitizer|Win32 = OSR_Debug_Sanitizer|Win32
		OSR_Debug_Sanitizer|x64 = OSR_Debug_Sanitizer|x64
		OSR_Debug|Win32 = OSR_Debug|Win32
		OSR_Debug|x64 = OSR_Debug|x64
	EndGlobalSection
	GlobalSection(ProjectConfigurationPlatforms) = postSolution
		{D2586FD8-1DBC-465E-B700-B2D0CC57B14B}.OldSchoolRivals_Release|Win32.ActiveCfg = R_Wikigames_Eng|Win32
		{D2586FD8-1DBC-465E-B700-B2D0CC57B14B}.OldSchoolRivals_Release|Win32.Build.0 = R_Wikigames_Eng|Win32
		{D2586FD8-1DBC-465E-B700-B2D0CC57B14B}.OldSchoolRivals_Release|x64.ActiveCfg = R_Wikigames_Eng|x64
		{D2586FD8-1DBC-465E-B700-B2D0CC57B14B}.OldSchoolRivals_Release|x64.Build.0 = R_Wikigames_Eng|x64
		{D2586FD8-1DBC-465E-B700-B2D0CC57B14B}.OSR_Debug_Fuzzer|Win32.ActiveCfg = OSR_Debug_Fuzzer|Win32
		{D2586FD8-1DBC-465E-B700-B2D0CC57B14B}.OSR_Debug_Fuzzer|Win32.Build.0 = OSR_Debug_Fuzzer|Win32
		{D2586FD8-1DBC-465E-B700-B2D0CC57B14B}.OSR_Debug_Fuzzer|x64.ActiveCfg = OSR_Debug_Fuzzer|x64
		{D2586FD8-1DBC-465E-B700-B2D0CC57B14B}.OSR_Debug_Fuzzer|x64.Build.0 = OSR_Debug_Fuzzer|x64
		{D2586FD8-1DBC-465E-B700-B2D0CC57B14B}.OSR_Debug_Sanitizer|Win32.ActiveCfg = OSR_Debug_Sanitizer|Win32
		{D2586FD8-1DBC-465E-B700-B2D0CC57B14B}.OSR_Debug_Sanitizer|Win32.Build.0 = OSR_Debug_Sanitizer|Win32
		{D2586FD8-1DBC-465E-B700-B2D0CC57B14B}.OSR_Debug_Sanitizer|x64.ActiveCfg = OSR_Debug_Sanitizer|x64
		{D2586FD8-1DBC-465E-B700-B2D0CC57B14B}.OSR_Debug_Sanitizer|x64.Build.0 = OSR_Debug_Sanitizer|x64
		{D2586FD8-1DBC-465E-B700-B2D0CC57B14B}.OSR_Debug|Win32.ActiveCfg = OSR_DEBUG_NEW|Win32
		{D2586FD8-1DBC-465E-B700-B2D0CC57B14B}.OSR_Debug|Win32.Build.0 = OSR_DEBUG_NEW|Win32
		{D2586FD8-1DBC-465E-B700-B2D0CC57B14B}.OSR_Debug|x64.ActiveCfg = OSR_DEBUG_NEW|x64
		{D2586FD8-1DBC-465E-B700-B2D0CC57B14B}.OSR_Debug|x64.Build.0 = OSR_DEBUG_NEW|x64
		{2DBE5D26-D22D-4F15-BADB-BE6494D0F9A6}.OldSchoolRivals_Release|Win32.ActiveCfg = R_Wikigames_Eng|Win32
		{2DBE5D26-D22D-4F15-BADB-BE6494D0F9A6}.OldSchoolRivals_Release|Win32.Build.0 = R_Wikigames_Eng|Win32
		{2DBE5D26-D22D-4F15-BADB-BE6494D0F9A6}.OldSchoolRivals_Release|x64.ActiveCfg = R_Wikigames_Eng|x64
		{2DBE5D26-D22D-4F15-BADB-BE6494D0F9A6}.OldSchoolRivals_Release|x64.Build.0 = R_Wikigames_Eng|x64
		{2DBE5D26-D22D-4F15-BADB-BE6494D0F9A6}.OSR_Debug_Fuzzer|Win32.ActiveCfg = OSR_Debug_Fuzzer|Win32
		{2DBE5D26-D22D-4F15-BADB-BE6494D0F9A6}.OSR_Debug_Fuzzer|Win32.Build.0 = OSR_Debug_Fuzzer|Win32
		{2DBE5D26-D22D-4F15-BADB-BE6494D0F9A6}.OSR_Debug_Fuzzer|x64.ActiveCfg = OSR_Debug_Fuzzer|x64
		{2DBE5D26-D22D-4F15-BADB-BE6494D0F9A6}.OSR_Debug_Fuzzer|x64.Build.0 = OSR_Debug_Fuzzer|x64
		{2DBE5D26-D22D-4F15-BADB-BE6494D0F9A6}.OSR_Debug_Sanitizer|Win32.ActiveCfg = OSR_Debug_Sanitizer|Win32
		{2DBE5D26-D22D-4F15-BADB-BE6494D0F9A6}.OSR_Debug_Sanitizer|Win32.Build.0 = OSR_Debug_Sanitizer|Win32
		{2DBE5D26-D22D-4F15-BADB-BE6494D0F9A6}.OSR_Debug_Sanitizer|x64.ActiveCfg = OSR_Debug_Sanitizer|x64
		{2DBE5D26-D22D-4F15-BADB-BE6494D0F9A6}.OSR_Debug_Sanitizer|x64.Build.0 = OSR_Debug_Sanitizer|x64
		{2DBE5D26-D22D-4F15-BADB-BE6494D0F9A6}.OSR_Debug|Win32.ActiveCfg = OSR_DEBUG_NEW|Win32
		{2DBE5D26-D22D-4F15-BADB-BE6494D0F9A6}.OSR_Debug|Win32.Build.0 = OSR_DEBUG_NEW|Win32
		{2DBE5D26-D22D-4F15-BADB-BE6494D0F9A6}.OSR_Debug|x64.ActiveCfg = OSR_DEBUG_NEW|x64
		{2DBE5D26-D22D-4F15-BADB-BE6494D0F9A6}.OSR_Debug|x64.Build.0 = OSR_DEBUG_NEW|x64
		{9639CC74-33DC-4F49-A92C-BF8C6885E466}.OldSchoolRivals_Release|Win32.ActiveCfg = R_Wikigames_Eng|Win32
		{9639CC74-33DC-4F49-A92C-BF8C6885E466}.OldSchoolRivals_Release|Win32.Build.0 = R_Wikigames_Eng|Win32
		{9639CC74-33DC-4F49-A92C-BF8C6885E466}.OldSchoolRivals_Release|x64.ActiveCfg = R_Wikigames_Eng|x64
		{9639CC74-33DC-4F49-A92C-BF8C6885E466}.OldSchoolRivals_Release|x64.Build.0 = R_Wikigames_Eng|x64
		{9639CC74-33DC-4F49-A92C-BF8C6885E466}.OSR_Debug_Fuzzer|Win32.ActiveCfg = OSR_Debug_Fuzzer|Win32
		{9639CC74-33DC-4F49-A92C-BF8C6885E466}.OSR_Debug_Fuzzer|Win32.Build.0 = OSR_Debug_Fuzzer|Win32
		{9639CC74-33DC-4F49-A92C-BF8C6885E466}.OSR_Debug_Fuzzer|x64.ActiveCfg = OSR_Debug_Fuzzer|x64
		{9639CC74-33DC-4F49-A92C-BF8C6885E466}.OSR_Debug_Fuzzer|x64.Build.0 = OSR_Debug_Fuzzer|x64
		{9639CC74-33DC-4F49-A92C-BF8C6885E466}.OSR_Debug_Sanitizer|Win32.ActiveCfg = OSR_Debug_Sanitizer|Win32
		{9639CC74-33DC-4F49-A92C-BF8C6885E466}.OSR_Debug_Sanitizer|Win32.Build.0 = OSR_Debug_Sanitizer|Win32
		{9639CC74-33DC-4F49-A92C-BF8C6885E466}.OSR_Debug_Sanitizer|x64.ActiveCfg = OSR_Debug_Sanitizer|x64
		{9639CC74-33DC-4F49-A92C-BF8C6885E466}.OSR_Debug_Sanitizer|x64.Build.0 = OSR_Debug_Sanitizer|x64
		{9639CC74-33DC-4F49-A92C-BF8C6885E466}.OSR_Debug|Win32.ActiveCfg = OSR_DEBUG_NEW|Win32
		{9639CC74-33DC-4F49-A92C-BF8C6885E466}.OSR_Debug|Win32.Build.0 = OSR_DEBUG_NEW|Win32
		{9639CC74-33DC-4F49-A92C-BF8C6885E466}.OSR_Debug|x64.ActiveCfg = OSR_DEBUG_NEW|x64
		{9639CC74-33DC-4F49-A92C-BF8C6885E466}.OSR_Debug|x64.Build.0 = OSR_DEBUG_NEW|x64
		{0FD86346-8161-4035-90CF-C4A5E6F38DB7}.OldSchoolRivals_Release|Win32.ActiveCfg = R_Wikigames_Eng|Win32
		{0FD86346-8161-4035-90CF-C4A5E6F38DB7}.OldSchoolRivals_Release|Win32.Build.0 = R_Wikigames_Eng|Win32
		{0FD86346-8161-4035-90CF-C4A5E6F38DB7}.OldSchoolRivals_Release|x64.ActiveCfg = R_Wikigames_Eng|x64
		{0FD86346-8161-4035-90CF-C4A5E6F38DB7}.OldSchoolRivals_Release|x64.Build.0 = R_Wikigames_Eng|x64
		{0FD86346-8161-4035-90CF-C4A5E6F38DB7}.OSR_Debug_Fuzzer|Win32.ActiveCfg = OSR_Debug_Fuzzer|Win32
		{0FD86346-8161-4035-90CF-C4A5E6F38DB7}.OSR_Debug_Fuzzer|Win32.Build.0 = OSR_Debug_Fuzzer|Win32
		{0FD86346-8161-4035-90CF-C4A5E6F38DB7}.OSR_Debug_Fuzzer|x64.ActiveCfg = OSR_Debug_Fuzzer|x64
		{0FD86346-8161-4035-90CF-C4A5E6F38DB7}.OSR_Debug_Fuzzer|x64.Build.0 = OSR_Debug_Fuzzer|x64
		{0FD86346-8161-4035-90CF-C4A5E6F38DB7}.OSR_Debug_Sanitizer|Win32.ActiveCfg = OSR_Debug_Sanitizer|Win32
		{0FD86346-8161-4035-90CF-C4A5E6F38DB7}.OSR_Debug_Sanitizer|Win32.Build.0 = OSR_Debug_Sanitizer|Win32
		{0FD86346-8161-4035-90CF-C4A5E6F38DB7}.OSR_Debug_Sanitizer|x64.ActiveCfg = OSR_Debug_Sanitizer|x64
		{0FD86346-8161-4035-90CF-C4A5E6F38DB7}.OSR_Debug_Sanitizer|x64.Build.0 = OSR_Debug_Sanitizer|x64
		{0FD86346-8161-4035-90CF-C4A5E6F38DB7}.OSR_Debug|Win32.ActiveCfg = OSR_DEBUG_NEW|Win32
		{0FD86346-8161-4035-90CF-C4A5E6F38DB7}.OSR_Debug|Win32.Build.0 = OSR_DEBUG_NEW|Win32
		{0FD86346-8161-4035-90CF-C4A5E6F38DB7}.OSR_Debug|x64.ActiveCfg = OSR_DEBUG_NEW|x64
		{0FD86346-8161-4035-90CF-C4A5E6F38DB7}.OSR_Debug|x64.Build.0 = OSR_DEBUG_NEW|x64
		{14E488CB-535D-4499-8086-90C8136D106B}.OldSchoolRivals_Release|Win32.ActiveCfg = R_Wikigames_Eng|Win32
		{14E488CB-535D-4499-8086-90C8136D106B}.OldSchoolRivals_Release|Win32.Build.0 = R_Wikigames_Eng|Win32
		{14E488CB-535D-4499-8086-90C8136D106B}.OldSchoolRivals_Release|x64.ActiveCfg = R_Wikigames_Eng|x64
		{14E488CB-535D-4499-8086-90C8136D106B}.OldSchoolRivals_Release|x64.Build.0 = R_Wikigames_Eng|x64
		{14E488CB-535D-4499-8086-90C8136D106B}.OSR_Debug_Fuzzer|Win32.ActiveCfg = OSR_Debug_Fuzzer|Win32
		{14E488CB-535D-4499-8086-90C8136D106B}.OSR_Debug_Fuzzer|Win32.Build.0 = OSR_Debug_Fuzzer|Win32
		{14E488CB-535D-4499-8086-90C8136D106B}.OSR_Debug_Fuzzer|x64.ActiveCfg = OSR_Debug_Fuzzer|x64
		{14E488CB-535D-4499-8086-90C8136D106B}.OSR_Debug_Fuzzer|x64.Build.0 = OSR_Debug_Fuzzer|x64
		{14E488CB-535D-4499-8086-90C8136D106B}.OSR_Debug_Sanitizer|Win32.ActiveCfg = OSR_Debug_Sanitizer|Win32
		{14E488CB-535D-4499-8086-90C8136D106B}.OSR_Debug_Sanitizer|Win32.Build.0 = OSR_Debug_Sanitizer|Win32
		{14E488CB-535D-4499-8086-90C8136D106B}.OSR_Debug_Sanitizer|x64.ActiveCfg = OSR_Debug_Sanitizer|x64
		{14E488CB-535D-4499-8086-90C8136D106B}.OSR_Debug_Sanitizer|x64.Build.0 = OSR_Debug_Sanitizer|x64
		{14E488CB-535D-4499-8086-90C8136D106B}.OSR_Debug|Win32.ActiveCfg = OSR_DEBUG_NEW|Win32
		{14E488CB-535D-4499-8086-90C8136D106B}.OSR_Debug|Win32.Build.0 = OSR_DEBUG_NEW|Win32
		{14E488CB-535D-4499-8086-90C8136D106B}.OSR_Debug|x64.ActiveCfg = OSR_DEBUG_NEW|x64
		{14E488CB-535D-4499-8086-90C8136D106B}.OSR_Debug|x64.Build.0 = OSR_DEBUG_NEW|x64
		{7E204FA6-9FBF-4D57-B83D-9FD1F5DE2D73}.OldSchoolRivals_Release|Win32.ActiveCfg = R_Wikigames_Eng|Win32
		{7E204FA6-9FBF-4D57-B83D-9FD1F5DE2D73}.OldSchoolRivals_Release|Win32.Build.0 = R_Wikigames_Eng|Win32
		{7E204FA6-9FBF-4D57-B83D-9FD1F5DE2D73}.OldSchoolRivals_Release|x64.ActiveCfg = R_Wikigames_Eng|x64
		{7E204FA6-9FBF-4D57-B83D-9FD1F5DE2D73}.OldSchoolRivals_Release|x64.Build.0 = R_Wikigames_Eng|x64
		{7E204FA6-9FBF-4D57-B83D-9FD1F5DE2D73}.OSR_Debug_Fuzzer|Win32.ActiveCfg = OSR_Debug_Fuzzer|Win32
		{7E204FA6-9FBF-4D57-B83D-9FD1F5DE2D73}.OSR_Debug_Fuzzer|Win32.Build.0 = OSR_Debug_Fuzzer|Win32
		{7E204FA6-9FBF-4D57-B83D-9FD1F5DE2D73}.OSR_Debug_Fuzzer|x64.ActiveCfg = OSR_Debug_Fuzzer|x64
		{7E204FA6-9FBF-4D57-B83D-9FD1F5DE2D73}.OSR_Debug_Fuzzer|x64.Build.0 = OSR_Debug_Fuzzer|x64
		{7E204FA6-9FBF-4D57-B83D-9FD1F5DE2D73}.OSR_Debug_Sanitizer|Win32.ActiveCfg = OSR_Debug_Sanitizer|Win32
		{7E204FA6-9FBF-4D57-B83D-9FD1F5DE2D73}.OSR_Debug_Sanitizer|Win32.Build.0 = OSR_Debug_Sanitizer|Win32
		{7E204FA6-9FBF-4D57-B83D-9FD1F5DE2D73}.OSR_Debug_Sanitizer|x64.ActiveCfg = OSR_Debug_Sanitizer|x64
		{7E204FA6-9FBF-4D57-B83D-9FD1F5DE2D73}.OSR_Debug_Sanitizer|x64.Build.0 = OSR_Debug_Sanitizer|x64
		{7E204FA6-9FBF-4D57-B83D-9FD1F5DE2D73}.OSR_Debug|Win32.ActiveCfg = OSR_DEBUG_NEW|Win32
		{7E204FA6-9FBF-4D57-B83D-9FD1F5DE2D73}.OSR_Debug|Win32.Build.0 = OSR_DEBUG_NEW|Win32
		{7E204FA6-9FBF-4D57-B83D-9FD1F5DE2D73}.OSR_Debug|x64.ActiveCfg = OSR_DEBUG_NEW|x64
		{7E204FA6-9FBF-4D57-B83D-9FD1F5DE2D73}.OSR_Debug|x64.Build.0 = OSR_DEBUG_NEW|x64
		{9D2EA675-DD64-4B13-AACF-D5791CBAA705}.OldSchoolRivals_Release|Win32.ActiveCfg = R_Wikigames_Eng|Win32
		{9D2EA675-DD64-4B13-AACF-D5791CBAA705}.OldSchoolRivals_Release|Win32.Build.0 = R_Wikigames_Eng|Win32
		{9D2EA675-DD64-4B13-AACF-D5791CBAA705}.OldSchoolRivals_Release|x64.ActiveCfg = R_Wikigames_Eng|x64
		{9D2EA675-DD64-4B13-AACF-D5791CBAA705}.OldSchoolRivals_Release|x64.Build.0 = R_Wikigames_Eng|x64
		{9D2EA675-DD64-4B13-AACF-D5791CBAA705}.OSR_Debug_Fuzzer|Win32.ActiveCfg = OSR_Debug_Fuzzer|Win32
		{9D2EA675-DD64-4B13-AACF-D5791CBAA705}.OSR_Debug_Fuzzer|Win32.Build.0 = OSR_Debug_Fuzzer|Win32
		{9D2EA675-DD64-4B13-AACF-D5791CBAA705}.OSR_Debug_Fuzzer|x64.ActiveCfg = OSR_Debug_Fuzzer|x64
		{9D2EA675-DD64-4B13-AACF-D5791CBAA705}.OSR_Debug_Fuzzer|x64.Build.0 = OSR_Debug_Fuzzer|x64
		{9D2EA675-DD64-4B13-AACF-D5791CBAA705}.OSR_Debug_Sanitizer|Win32.ActiveCfg = OSR_Debug_Sanitizer|Win32
		{9D2EA675-DD64-4B13-AACF-D5791CBAA705}.OSR_Debug_Sanitizer|Win32.Build.0 = OSR_Debug_Sanitizer|Win32
		{9D2EA675-DD64-4B13-AACF-D5791CBAA705}.OSR_Debug_Sanitizer|x64.ActiveCfg = OSR_Debug_Sanitizer|x64
		{9D2EA675-DD64-4B13-AACF-D5791CBAA705}.OSR_Debug_Sanitizer|x64.Build.0 = OSR_Debug_Sanitizer|x64
		{9D2EA675-DD64-4B13-AACF-D5791CBAA705}.OSR_Debug|Win32.ActiveCfg = OSR_DEBUG_NEW|Win32
		{9D2EA675-DD64-4B13-AACF-D5791CBAA705}.OSR_Debug|Win32.Build.0 = OSR_DEBUG_NEW|Win32
		{9D2EA675-DD64-4B13-AACF-D5791CBAA705}.OSR_Debug|x64.ActiveCfg = OSR_DEBUG_NEW|x64
		{9D2EA675-DD64-4B13-AACF-D5791CBAA705}.OSR_Debug|x64.Build.0 = OSR_DEBUG_NEW|x64
		{0A228F6E-B6FC-47F7-84ED-3E1794D17FFF}.OldSchoolRivals_Release|Win32.ActiveCfg = R_Wikigames_Eng|Win32
		{0A228F6E-B6FC-47F7-84ED-3E1794D17FFF}.OldSchoolRivals_Release|Win32.Build.0 = R_Wikigames_Eng|Win32
		{0A228F6E-B6FC-47F7-84ED-3E1794D17FFF}.OldSchoolRivals_Release|x64.ActiveCfg = R_Wikigames_Eng|x64
		{0A228F6E-B6FC-47F7-84ED-3E1794D17FFF}.OldSchoolRivals_Release|x64.Build.0 = R_Wikigames_Eng|x64
		{0A228F6E-B6FC-47F7-84ED-3E1794D17FFF}.OSR_Debug_Fuzzer|Win32.ActiveCfg = OSR_Debug_Fuzzer|Win32
		{0A228F6E-B6FC-47F7-84ED-3E1794D17FFF}.OSR_Debug_Fuzzer|Win32.Build.0 = OSR_Debug_Fuzzer|Win32
		{0A228F6E-B6FC-47F7-84ED-3E1794D17FFF}.OSR_Debug_Fuzzer|x64.ActiveCfg = OSR_Debug_Fuzzer|x64
		{0A228F6E-B6FC-47F7-84ED-3E1794D17FFF}.OSR_Debug_Fuzzer|x64.Build.0 = OSR_Debug_Fuzzer|x64
		{0A228F6E-B6FC-47F7-84ED-3E1794D17FFF}.OSR_Debug_Sanitizer|Win32.ActiveCfg = OSR_Debug_Sanitizer|Win32
		{0A228F6E-B6FC-47F7-84ED-3E1794D17FFF}.OSR_Debug_Sanitizer|Win32.Build.0 = OSR_Debug_Sanitizer|Win32
		{0A228F6E-B6FC-47F7-84ED-3E1794D17FFF}.OSR_Debug_Sanitizer|x64.ActiveCfg = OSR_Debug_Sanitizer|x64
		{0A228F6E-B6FC-47F7-84ED-3E1794D17FFF}.OSR_Debug_Sanitizer|x64.Build.0 = OSR_Debug_Sanitizer|x64
		{0A228F6E-B6FC-47F7-84ED-3E1794D17FFF}.OSR_Debug|Win32.ActiveCfg = OSR_DEBUG_NEW|Win32
		{0A228F6E-B6FC-47F7-84ED-3E1794D17FFF}.OSR_Debug|Win32.Build.0 = OSR_DEBUG_NEW|Win32
		{0A228F6E-B6FC-47F7-84ED-3E1794D17FFF}.OSR_Debug|x64.ActiveCfg = OSR_DEBUG_NEW|x64
		{0A228F6E-B6FC-47F7-84ED-3E1794D17FFF}.OSR_Debug|x64.Build.0 = OSR_DEBUG_NEW|x64
	EndGlobalSection
	GlobalSection(SolutionProperties) = preSolution
		HideSolutionNode = FALSE
	EndGlobalSection
	GlobalSection(ExtensibilityGlobals) = postSolution
		SolutionGuid = {B08AC51A-77C1-4A6B-AE3C-3FEABAEDC818}
	EndGlobalSection
EndGlobal
