
Microsoft Visual Studio Solution File, Format Version 12.00
# Visual Studio Version 17
VisualStudioVersion = 17.7.34221.43
MinimumVisualStudioVersion = 10.0.40219.1
Project("{8BC9CEB8-8B4A-11D0-8D11-00A0C91BC942}") = "Atum", "Atum\Atum.vcxproj", "{0EA1B2CC-4D57-446E-A46C-2EBB9848FEA2}"
EndProject
Project("{8BC9CEB8-8B4A-11D0-8D11-00A0C91BC942}") = "AtumAdminTool", "AtumAdminTool\AtumAdminTool.vcxproj", "{1A1F7ED9-4389-4F03-B24E-6BC9B25C9946}"
EndProject
Project("{8BC9CEB8-8B4A-11D0-8D11-00A0C91BC942}") = "AtumLauncher", "AtumLauncher\AtumLauncher.vcxproj", "{E43487CE-DB70-4891-B5CF-45D4AD096755}"
EndProject
Project("{8BC9CEB8-8B4A-11D0-8D11-00A0C91BC942}") = "AtumMonitor", "AtumMonitor\AtumMonitor.vcxproj", "{E3E2C567-46EB-4EBE-9DD0-E0C40360F03A}"
EndProject
Project("{8BC9CEB8-8B4A-11D0-8D11-00A0C91BC942}") = "AuthenticationServer", "AuthenticationServer\AuthenticationServer.vcxproj", "{16E2FEBE-CFAC-4A57-A90A-E0C05F3FE060}"
EndProject
Project("{8BC9CEB8-8B4A-11D0-8D11-00A0C91BC942}") = "FieldServer", "FieldServer\FieldServer.vcxproj", "{D1688005-733D-4006-824C-EA4EE8E47B65}"
EndProject
Project("{8BC9CEB8-8B4A-11D0-8D11-00A0C91BC942}") = "IMServer", "IMServer\IMServer.vcxproj", "{2069F588-A5E4-4417-96E6-62892F5BFBD1}"
EndProject
Project("{8BC9CEB8-8B4A-11D0-8D11-00A0C91BC942}") = "LogServer", "LogServer\LogServer.vcxproj", "{B4B59BF2-62E2-4875-BF97-FCE69303C5AB}"
EndProject
Project("{8BC9CEB8-8B4A-11D0-8D11-00A0C91BC942}") = "NPCServer", "NPCServer\NPCServer.vcxproj", "{ACE45AC9-CDCA-499A-BFE7-1AF53968E368}"
EndProject
Project("{8BC9CEB8-8B4A-11D0-8D11-00A0C91BC942}") = "PreServer", "PreServer\PreServer.vcxproj", "{C1D5D26B-7EC0-4E5F-8B50-E8E5E92C4FD6}"
EndProject
Project("{8BC9CEB8-8B4A-11D0-8D11-00A0C91BC942}") = "QuestLoader", "QuestLoader\QuestLoader.vcxproj", "{9D1F6D4C-BFD6-4D0D-8E94-A3D6C1E0FF71}"
EndProject
Project("{8BC9CEB8-8B4A-11D0-8D11-00A0C91BC942}") = "QuestLoaderLib", "QuestLoaderLib\QuestLoaderLib.vcxproj", "{2080B191-7DD4-445D-83EB-1AF6D909D3E6}"
EndProject
Project("{8BC9CEB8-8B4A-11D0-8D11-00A0C91BC942}") = "SpaceCowboyDBEditorTool", "SpaceCowboyDBEditorTool\SpaceCowboyDBEditorTool.vcxproj", "{51282986-7E9F-4CCC-A32E-A5B79E4754D3}"
EndProject
Project("{2150E333-8FDC-42A3-9474-1A3956D46DE8}") = "Org. Stuff", "Org. Stuff", "{A3694027-0DBA-4D73-9307-CE1EF1AD7FED}"
	ProjectSection(SolutionItems) = preProject
		..\..\TODO.txt = ..\..\TODO.txt
	EndProjectSection
EndProject
Project("{8BC9CEB8-8B4A-11D0-8D11-00A0C91BC942}") = "PreLauncher", "PreLauncher\PreLauncher.vcxproj", "{ED493DAC-966C-4143-94E5-AC663BE8E5AF}"
EndProject
Global
	GlobalSection(SolutionConfigurationPlatforms) = preSolution
		Debug|Win32 = Debug|Win32
		Debug|x64 = Debug|x64
		OldSchoolRivals_ARENA_Release|Win32 = OldSchoolRivals_ARENA_Release|Win32
		OldSchoolRivals_ARENA_Release|x64 = OldSchoolRivals_ARENA_Release|x64
		OldSchoolRivals_Debug|Win32 = OldSchoolRivals_Debug|Win32
		OldSchoolRivals_Debug|x64 = OldSchoolRivals_Debug|x64
		OldSchoolRivals_Release|Win32 = OldSchoolRivals_Release|Win32
		OldSchoolRivals_Release|x64 = OldSchoolRivals_Release|x64
		OSR_Debug_Fuzzer|Win32 = OSR_Debug_Fuzzer|Win32
		OSR_Debug_Fuzzer|x64 = OSR_Debug_Fuzzer|x64
		OSR_DEBUG_NEW|Win32 = OSR_DEBUG_NEW|Win32
		OSR_DEBUG_NEW|x64 = OSR_DEBUG_NEW|x64
		OSR_Debug_Sanitizer|Win32 = OSR_Debug_Sanitizer|Win32
		OSR_Debug_Sanitizer|x64 = OSR_Debug_Sanitizer|x64
		Release|Win32 = Release|Win32
		Release|x64 = Release|x64
	EndGlobalSection
	GlobalSection(ProjectConfigurationPlatforms) = postSolution
		{0EA1B2CC-4D57-446E-A46C-2EBB9848FEA2}.Debug|Win32.ActiveCfg = Debug|Win32
		{0EA1B2CC-4D57-446E-A46C-2EBB9848FEA2}.Debug|Win32.Build.0 = Debug|Win32
		{0EA1B2CC-4D57-446E-A46C-2EBB9848FEA2}.Debug|x64.ActiveCfg = R_WinnerOnline_IDN|x64
		{0EA1B2CC-4D57-446E-A46C-2EBB9848FEA2}.Debug|x64.Build.0 = R_WinnerOnline_IDN|x64
		{0EA1B2CC-4D57-446E-A46C-2EBB9848FEA2}.OldSchoolRivals_ARENA_Release|Win32.ActiveCfg = R_OSR_Arena_2020_new|Win32
		{0EA1B2CC-4D57-446E-A46C-2EBB9848FEA2}.OldSchoolRivals_ARENA_Release|Win32.Build.0 = R_OSR_Arena_2020_new|Win32
		{0EA1B2CC-4D57-446E-A46C-2EBB9848FEA2}.OldSchoolRivals_ARENA_Release|x64.ActiveCfg = OSR_DEBUG_NEW|x64
		{0EA1B2CC-4D57-446E-A46C-2EBB9848FEA2}.OldSchoolRivals_ARENA_Release|x64.Build.0 = OSR_DEBUG_NEW|x64
		{0EA1B2CC-4D57-446E-A46C-2EBB9848FEA2}.OldSchoolRivals_Debug|Win32.ActiveCfg = D_Wikigames_Eng|Win32
		{0EA1B2CC-4D57-446E-A46C-2EBB9848FEA2}.OldSchoolRivals_Debug|Win32.Build.0 = D_Wikigames_Eng|Win32
		{0EA1B2CC-4D57-446E-A46C-2EBB9848FEA2}.OldSchoolRivals_Debug|x64.ActiveCfg = OSR_DEBUG_NEW|x64
		{0EA1B2CC-4D57-446E-A46C-2EBB9848FEA2}.OldSchoolRivals_Debug|x64.Build.0 = OSR_DEBUG_NEW|x64
		{0EA1B2CC-4D57-446E-A46C-2EBB9848FEA2}.OldSchoolRivals_Release|Win32.ActiveCfg = R_Wikigames_Eng|Win32
		{0EA1B2CC-4D57-446E-A46C-2EBB9848FEA2}.OldSchoolRivals_Release|Win32.Build.0 = R_Wikigames_Eng|Win32
		{0EA1B2CC-4D57-446E-A46C-2EBB9848FEA2}.OldSchoolRivals_Release|Win32.Deploy.0 = R_Wikigames_Eng|Win32
		{0EA1B2CC-4D57-446E-A46C-2EBB9848FEA2}.OldSchoolRivals_Release|x64.ActiveCfg = OSR_DEBUG_NEW|x64
		{0EA1B2CC-4D57-446E-A46C-2EBB9848FEA2}.OldSchoolRivals_Release|x64.Build.0 = OSR_DEBUG_NEW|x64
		{0EA1B2CC-4D57-446E-A46C-2EBB9848FEA2}.OSR_Debug_Fuzzer|Win32.ActiveCfg = OSR_Debug_Fuzzer|Win32
		{0EA1B2CC-4D57-446E-A46C-2EBB9848FEA2}.OSR_Debug_Fuzzer|Win32.Build.0 = OSR_Debug_Fuzzer|Win32
		{0EA1B2CC-4D57-446E-A46C-2EBB9848FEA2}.OSR_Debug_Fuzzer|x64.ActiveCfg = OSR_Debug_Fuzzer|x64
		{0EA1B2CC-4D57-446E-A46C-2EBB9848FEA2}.OSR_Debug_Fuzzer|x64.Build.0 = OSR_Debug_Fuzzer|x64
		{0EA1B2CC-4D57-446E-A46C-2EBB9848FEA2}.OSR_DEBUG_NEW|Win32.ActiveCfg = OSR_DEBUG_NEW|Win32
		{0EA1B2CC-4D57-446E-A46C-2EBB9848FEA2}.OSR_DEBUG_NEW|Win32.Build.0 = OSR_DEBUG_NEW|Win32
		{0EA1B2CC-4D57-446E-A46C-2EBB9848FEA2}.OSR_DEBUG_NEW|x64.ActiveCfg = OSR_DEBUG_NEW|x64
		{0EA1B2CC-4D57-446E-A46C-2EBB9848FEA2}.OSR_DEBUG_NEW|x64.Build.0 = OSR_DEBUG_NEW|x64
		{0EA1B2CC-4D57-446E-A46C-2EBB9848FEA2}.OSR_Debug_Sanitizer|Win32.ActiveCfg = OSR_Debug_Sanitizer|Win32
		{0EA1B2CC-4D57-446E-A46C-2EBB9848FEA2}.OSR_Debug_Sanitizer|Win32.Build.0 = OSR_Debug_Sanitizer|Win32
		{0EA1B2CC-4D57-446E-A46C-2EBB9848FEA2}.OSR_Debug_Sanitizer|x64.ActiveCfg = OSR_Debug_Sanitizer|x64
		{0EA1B2CC-4D57-446E-A46C-2EBB9848FEA2}.OSR_Debug_Sanitizer|x64.Build.0 = OSR_Debug_Sanitizer|x64
		{0EA1B2CC-4D57-446E-A46C-2EBB9848FEA2}.Release|Win32.ActiveCfg = Release|Win32
		{0EA1B2CC-4D57-446E-A46C-2EBB9848FEA2}.Release|Win32.Build.0 = Release|Win32
		{0EA1B2CC-4D57-446E-A46C-2EBB9848FEA2}.Release|x64.ActiveCfg = Release|x64
		{0EA1B2CC-4D57-446E-A46C-2EBB9848FEA2}.Release|x64.Build.0 = Release|x64
		{1A1F7ED9-4389-4F03-B24E-6BC9B25C9946}.Debug|Win32.ActiveCfg = Debug|Win32
		{1A1F7ED9-4389-4F03-B24E-6BC9B25C9946}.Debug|Win32.Build.0 = Debug|Win32
		{1A1F7ED9-4389-4F03-B24E-6BC9B25C9946}.Debug|x64.ActiveCfg = R_WinnerOnline_IDN|x64
		{1A1F7ED9-4389-4F03-B24E-6BC9B25C9946}.Debug|x64.Build.0 = R_WinnerOnline_IDN|x64
		{1A1F7ED9-4389-4F03-B24E-6BC9B25C9946}.OldSchoolRivals_ARENA_Release|Win32.ActiveCfg = R_OSR_Arena_2020_new|Win32
		{1A1F7ED9-4389-4F03-B24E-6BC9B25C9946}.OldSchoolRivals_ARENA_Release|Win32.Build.0 = R_OSR_Arena_2020_new|Win32
		{1A1F7ED9-4389-4F03-B24E-6BC9B25C9946}.OldSchoolRivals_ARENA_Release|x64.ActiveCfg = OSR_DEBUG_NEW|x64
		{1A1F7ED9-4389-4F03-B24E-6BC9B25C9946}.OldSchoolRivals_ARENA_Release|x64.Build.0 = OSR_DEBUG_NEW|x64
		{1A1F7ED9-4389-4F03-B24E-6BC9B25C9946}.OldSchoolRivals_Debug|Win32.ActiveCfg = D_Wikigames_Eng|Win32
		{1A1F7ED9-4389-4F03-B24E-6BC9B25C9946}.OldSchoolRivals_Debug|Win32.Build.0 = D_Wikigames_Eng|Win32
		{1A1F7ED9-4389-4F03-B24E-6BC9B25C9946}.OldSchoolRivals_Debug|x64.ActiveCfg = OSR_DEBUG_NEW|x64
		{1A1F7ED9-4389-4F03-B24E-6BC9B25C9946}.OldSchoolRivals_Debug|x64.Build.0 = OSR_DEBUG_NEW|x64
		{1A1F7ED9-4389-4F03-B24E-6BC9B25C9946}.OldSchoolRivals_Release|Win32.ActiveCfg = R_Wikigames_Eng|Win32
		{1A1F7ED9-4389-4F03-B24E-6BC9B25C9946}.OldSchoolRivals_Release|Win32.Build.0 = R_Wikigames_Eng|Win32
		{1A1F7ED9-4389-4F03-B24E-6BC9B25C9946}.OldSchoolRivals_Release|x64.ActiveCfg = OSR_DEBUG_NEW|x64
		{1A1F7ED9-4389-4F03-B24E-6BC9B25C9946}.OldSchoolRivals_Release|x64.Build.0 = OSR_DEBUG_NEW|x64
		{1A1F7ED9-4389-4F03-B24E-6BC9B25C9946}.OSR_Debug_Fuzzer|Win32.ActiveCfg = OSR_Debug_Fuzzer|Win32
		{1A1F7ED9-4389-4F03-B24E-6BC9B25C9946}.OSR_Debug_Fuzzer|Win32.Build.0 = OSR_Debug_Fuzzer|Win32
		{1A1F7ED9-4389-4F03-B24E-6BC9B25C9946}.OSR_Debug_Fuzzer|x64.ActiveCfg = OSR_Debug_Fuzzer|x64
		{1A1F7ED9-4389-4F03-B24E-6BC9B25C9946}.OSR_Debug_Fuzzer|x64.Build.0 = OSR_Debug_Fuzzer|x64
		{1A1F7ED9-4389-4F03-B24E-6BC9B25C9946}.OSR_DEBUG_NEW|Win32.ActiveCfg = OSR_DEBUG_NEW|Win32
		{1A1F7ED9-4389-4F03-B24E-6BC9B25C9946}.OSR_DEBUG_NEW|Win32.Build.0 = OSR_DEBUG_NEW|Win32
		{1A1F7ED9-4389-4F03-B24E-6BC9B25C9946}.OSR_DEBUG_NEW|x64.ActiveCfg = OSR_DEBUG_NEW|x64
		{1A1F7ED9-4389-4F03-B24E-6BC9B25C9946}.OSR_DEBUG_NEW|x64.Build.0 = OSR_DEBUG_NEW|x64
		{1A1F7ED9-4389-4F03-B24E-6BC9B25C9946}.OSR_Debug_Sanitizer|Win32.ActiveCfg = OSR_Debug_Sanitizer|Win32
		{1A1F7ED9-4389-4F03-B24E-6BC9B25C9946}.OSR_Debug_Sanitizer|Win32.Build.0 = OSR_Debug_Sanitizer|Win32
		{1A1F7ED9-4389-4F03-B24E-6BC9B25C9946}.OSR_Debug_Sanitizer|x64.ActiveCfg = OSR_Debug_Sanitizer|x64
		{1A1F7ED9-4389-4F03-B24E-6BC9B25C9946}.OSR_Debug_Sanitizer|x64.Build.0 = OSR_Debug_Sanitizer|x64
		{1A1F7ED9-4389-4F03-B24E-6BC9B25C9946}.Release|Win32.ActiveCfg = Release|Win32
		{1A1F7ED9-4389-4F03-B24E-6BC9B25C9946}.Release|Win32.Build.0 = Release|Win32
		{1A1F7ED9-4389-4F03-B24E-6BC9B25C9946}.Release|x64.ActiveCfg = Release|x64
		{1A1F7ED9-4389-4F03-B24E-6BC9B25C9946}.Release|x64.Build.0 = Release|x64
		{E43487CE-DB70-4891-B5CF-45D4AD096755}.Debug|Win32.ActiveCfg = Debug|Win32
		{E43487CE-DB70-4891-B5CF-45D4AD096755}.Debug|Win32.Build.0 = Debug|Win32
		{E43487CE-DB70-4891-B5CF-45D4AD096755}.Debug|x64.ActiveCfg = R_WinnerOnline_IDN|x64
		{E43487CE-DB70-4891-B5CF-45D4AD096755}.Debug|x64.Build.0 = R_WinnerOnline_IDN|x64
		{E43487CE-DB70-4891-B5CF-45D4AD096755}.OldSchoolRivals_ARENA_Release|Win32.ActiveCfg = R_OSR_Arena_2020_new|Win32
		{E43487CE-DB70-4891-B5CF-45D4AD096755}.OldSchoolRivals_ARENA_Release|Win32.Build.0 = R_OSR_Arena_2020_new|Win32
		{E43487CE-DB70-4891-B5CF-45D4AD096755}.OldSchoolRivals_ARENA_Release|x64.ActiveCfg = OSR_DEBUG_NEW|x64
		{E43487CE-DB70-4891-B5CF-45D4AD096755}.OldSchoolRivals_ARENA_Release|x64.Build.0 = OSR_DEBUG_NEW|x64
		{E43487CE-DB70-4891-B5CF-45D4AD096755}.OldSchoolRivals_Debug|Win32.ActiveCfg = D_Wikigames_Eng|Win32
		{E43487CE-DB70-4891-B5CF-45D4AD096755}.OldSchoolRivals_Debug|Win32.Build.0 = D_Wikigames_Eng|Win32
		{E43487CE-DB70-4891-B5CF-45D4AD096755}.OldSchoolRivals_Debug|x64.ActiveCfg = OSR_DEBUG_NEW|x64
		{E43487CE-DB70-4891-B5CF-45D4AD096755}.OldSchoolRivals_Debug|x64.Build.0 = OSR_DEBUG_NEW|x64
		{E43487CE-DB70-4891-B5CF-45D4AD096755}.OldSchoolRivals_Release|Win32.ActiveCfg = R_Wikigames_Eng|Win32
		{E43487CE-DB70-4891-B5CF-45D4AD096755}.OldSchoolRivals_Release|Win32.Build.0 = R_Wikigames_Eng|Win32
		{E43487CE-DB70-4891-B5CF-45D4AD096755}.OldSchoolRivals_Release|x64.ActiveCfg = OSR_DEBUG_NEW|x64
		{E43487CE-DB70-4891-B5CF-45D4AD096755}.OldSchoolRivals_Release|x64.Build.0 = OSR_DEBUG_NEW|x64
		{E43487CE-DB70-4891-B5CF-45D4AD096755}.OSR_Debug_Fuzzer|Win32.ActiveCfg = OSR_Debug_Fuzzer|Win32
		{E43487CE-DB70-4891-B5CF-45D4AD096755}.OSR_Debug_Fuzzer|Win32.Build.0 = OSR_Debug_Fuzzer|Win32
		{E43487CE-DB70-4891-B5CF-45D4AD096755}.OSR_Debug_Fuzzer|x64.ActiveCfg = OSR_Debug_Fuzzer|x64
		{E43487CE-DB70-4891-B5CF-45D4AD096755}.OSR_Debug_Fuzzer|x64.Build.0 = OSR_Debug_Fuzzer|x64
		{E43487CE-DB70-4891-B5CF-45D4AD096755}.OSR_DEBUG_NEW|Win32.ActiveCfg = OSR_DEBUG_NEW|Win32
		{E43487CE-DB70-4891-B5CF-45D4AD096755}.OSR_DEBUG_NEW|Win32.Build.0 = OSR_DEBUG_NEW|Win32
		{E43487CE-DB70-4891-B5CF-45D4AD096755}.OSR_DEBUG_NEW|x64.ActiveCfg = OSR_DEBUG_NEW|x64
		{E43487CE-DB70-4891-B5CF-45D4AD096755}.OSR_DEBUG_NEW|x64.Build.0 = OSR_DEBUG_NEW|x64
		{E43487CE-DB70-4891-B5CF-45D4AD096755}.OSR_Debug_Sanitizer|Win32.ActiveCfg = OSR_Debug_Sanitizer|Win32
		{E43487CE-DB70-4891-B5CF-45D4AD096755}.OSR_Debug_Sanitizer|Win32.Build.0 = OSR_Debug_Sanitizer|Win32
		{E43487CE-DB70-4891-B5CF-45D4AD096755}.OSR_Debug_Sanitizer|x64.ActiveCfg = OSR_Debug_Sanitizer|x64
		{E43487CE-DB70-4891-B5CF-45D4AD096755}.OSR_Debug_Sanitizer|x64.Build.0 = OSR_Debug_Sanitizer|x64
		{E43487CE-DB70-4891-B5CF-45D4AD096755}.Release|Win32.ActiveCfg = Release|Win32
		{E43487CE-DB70-4891-B5CF-45D4AD096755}.Release|Win32.Build.0 = Release|Win32
		{E43487CE-DB70-4891-B5CF-45D4AD096755}.Release|x64.ActiveCfg = Release|x64
		{E43487CE-DB70-4891-B5CF-45D4AD096755}.Release|x64.Build.0 = Release|x64
		{E3E2C567-46EB-4EBE-9DD0-E0C40360F03A}.Debug|Win32.ActiveCfg = Debug|Win32
		{E3E2C567-46EB-4EBE-9DD0-E0C40360F03A}.Debug|Win32.Build.0 = Debug|Win32
		{E3E2C567-46EB-4EBE-9DD0-E0C40360F03A}.Debug|x64.ActiveCfg = R_WinnerOnline_IDN|x64
		{E3E2C567-46EB-4EBE-9DD0-E0C40360F03A}.Debug|x64.Build.0 = R_WinnerOnline_IDN|x64
		{E3E2C567-46EB-4EBE-9DD0-E0C40360F03A}.OldSchoolRivals_ARENA_Release|Win32.ActiveCfg = R_OSR_Arena_2020_new|Win32
		{E3E2C567-46EB-4EBE-9DD0-E0C40360F03A}.OldSchoolRivals_ARENA_Release|Win32.Build.0 = R_OSR_Arena_2020_new|Win32
		{E3E2C567-46EB-4EBE-9DD0-E0C40360F03A}.OldSchoolRivals_ARENA_Release|x64.ActiveCfg = OSR_DEBUG_NEW|x64
		{E3E2C567-46EB-4EBE-9DD0-E0C40360F03A}.OldSchoolRivals_ARENA_Release|x64.Build.0 = OSR_DEBUG_NEW|x64
		{E3E2C567-46EB-4EBE-9DD0-E0C40360F03A}.OldSchoolRivals_Debug|Win32.ActiveCfg = D_Wikigames_Eng|Win32
		{E3E2C567-46EB-4EBE-9DD0-E0C40360F03A}.OldSchoolRivals_Debug|Win32.Build.0 = D_Wikigames_Eng|Win32
		{E3E2C567-46EB-4EBE-9DD0-E0C40360F03A}.OldSchoolRivals_Debug|x64.ActiveCfg = OSR_DEBUG_NEW|x64
		{E3E2C567-46EB-4EBE-9DD0-E0C40360F03A}.OldSchoolRivals_Debug|x64.Build.0 = OSR_DEBUG_NEW|x64
		{E3E2C567-46EB-4EBE-9DD0-E0C40360F03A}.OldSchoolRivals_Release|Win32.ActiveCfg = R_Wikigames_Eng|Win32
		{E3E2C567-46EB-4EBE-9DD0-E0C40360F03A}.OldSchoolRivals_Release|Win32.Build.0 = R_Wikigames_Eng|Win32
		{E3E2C567-46EB-4EBE-9DD0-E0C40360F03A}.OldSchoolRivals_Release|x64.ActiveCfg = OSR_DEBUG_NEW|x64
		{E3E2C567-46EB-4EBE-9DD0-E0C40360F03A}.OldSchoolRivals_Release|x64.Build.0 = OSR_DEBUG_NEW|x64
		{E3E2C567-46EB-4EBE-9DD0-E0C40360F03A}.OSR_Debug_Fuzzer|Win32.ActiveCfg = OSR_Debug_Fuzzer|Win32
		{E3E2C567-46EB-4EBE-9DD0-E0C40360F03A}.OSR_Debug_Fuzzer|Win32.Build.0 = OSR_Debug_Fuzzer|Win32
		{E3E2C567-46EB-4EBE-9DD0-E0C40360F03A}.OSR_Debug_Fuzzer|x64.ActiveCfg = OSR_Debug_Fuzzer|x64
		{E3E2C567-46EB-4EBE-9DD0-E0C40360F03A}.OSR_Debug_Fuzzer|x64.Build.0 = OSR_Debug_Fuzzer|x64
		{E3E2C567-46EB-4EBE-9DD0-E0C40360F03A}.OSR_DEBUG_NEW|Win32.ActiveCfg = OSR_DEBUG_NEW|Win32
		{E3E2C567-46EB-4EBE-9DD0-E0C40360F03A}.OSR_DEBUG_NEW|Win32.Build.0 = OSR_DEBUG_NEW|Win32
		{E3E2C567-46EB-4EBE-9DD0-E0C40360F03A}.OSR_DEBUG_NEW|x64.ActiveCfg = OSR_DEBUG_NEW|x64
		{E3E2C567-46EB-4EBE-9DD0-E0C40360F03A}.OSR_DEBUG_NEW|x64.Build.0 = OSR_DEBUG_NEW|x64
		{E3E2C567-46EB-4EBE-9DD0-E0C40360F03A}.OSR_Debug_Sanitizer|Win32.ActiveCfg = OSR_Debug_Sanitizer|Win32
		{E3E2C567-46EB-4EBE-9DD0-E0C40360F03A}.OSR_Debug_Sanitizer|Win32.Build.0 = OSR_Debug_Sanitizer|Win32
		{E3E2C567-46EB-4EBE-9DD0-E0C40360F03A}.OSR_Debug_Sanitizer|x64.ActiveCfg = OSR_Debug_Sanitizer|x64
		{E3E2C567-46EB-4EBE-9DD0-E0C40360F03A}.OSR_Debug_Sanitizer|x64.Build.0 = OSR_Debug_Sanitizer|x64
		{E3E2C567-46EB-4EBE-9DD0-E0C40360F03A}.Release|Win32.ActiveCfg = Release|Win32
		{E3E2C567-46EB-4EBE-9DD0-E0C40360F03A}.Release|Win32.Build.0 = Release|Win32
		{E3E2C567-46EB-4EBE-9DD0-E0C40360F03A}.Release|x64.ActiveCfg = Release|x64
		{E3E2C567-46EB-4EBE-9DD0-E0C40360F03A}.Release|x64.Build.0 = Release|x64
		{16E2FEBE-CFAC-4A57-A90A-E0C05F3FE060}.Debug|Win32.ActiveCfg = Debug|Win32
		{16E2FEBE-CFAC-4A57-A90A-E0C05F3FE060}.Debug|Win32.Build.0 = Debug|Win32
		{16E2FEBE-CFAC-4A57-A90A-E0C05F3FE060}.Debug|x64.ActiveCfg = R_Wikigames_Eng_ARENA|x64
		{16E2FEBE-CFAC-4A57-A90A-E0C05F3FE060}.Debug|x64.Build.0 = R_Wikigames_Eng_ARENA|x64
		{16E2FEBE-CFAC-4A57-A90A-E0C05F3FE060}.OldSchoolRivals_ARENA_Release|Win32.ActiveCfg = R_OSR_Arena_2020_new|Win32
		{16E2FEBE-CFAC-4A57-A90A-E0C05F3FE060}.OldSchoolRivals_ARENA_Release|Win32.Build.0 = R_OSR_Arena_2020_new|Win32
		{16E2FEBE-CFAC-4A57-A90A-E0C05F3FE060}.OldSchoolRivals_ARENA_Release|x64.ActiveCfg = OSR_DEBUG_NEW|x64
		{16E2FEBE-CFAC-4A57-A90A-E0C05F3FE060}.OldSchoolRivals_ARENA_Release|x64.Build.0 = OSR_DEBUG_NEW|x64
		{16E2FEBE-CFAC-4A57-A90A-E0C05F3FE060}.OldSchoolRivals_Debug|Win32.ActiveCfg = Debug|Win32
		{16E2FEBE-CFAC-4A57-A90A-E0C05F3FE060}.OldSchoolRivals_Debug|Win32.Build.0 = Debug|Win32
		{16E2FEBE-CFAC-4A57-A90A-E0C05F3FE060}.OldSchoolRivals_Debug|x64.ActiveCfg = OSR_DEBUG_NEW|x64
		{16E2FEBE-CFAC-4A57-A90A-E0C05F3FE060}.OldSchoolRivals_Debug|x64.Build.0 = OSR_DEBUG_NEW|x64
		{16E2FEBE-CFAC-4A57-A90A-E0C05F3FE060}.OldSchoolRivals_Release|Win32.ActiveCfg = Release|Win32
		{16E2FEBE-CFAC-4A57-A90A-E0C05F3FE060}.OldSchoolRivals_Release|Win32.Build.0 = Release|Win32
		{16E2FEBE-CFAC-4A57-A90A-E0C05F3FE060}.OldSchoolRivals_Release|x64.ActiveCfg = R_Wikigames_Arena|x64
		{16E2FEBE-CFAC-4A57-A90A-E0C05F3FE060}.OldSchoolRivals_Release|x64.Build.0 = R_Wikigames_Arena|x64
		{16E2FEBE-CFAC-4A57-A90A-E0C05F3FE060}.OSR_Debug_Fuzzer|Win32.ActiveCfg = OSR_Debug_Fuzzer|Win32
		{16E2FEBE-CFAC-4A57-A90A-E0C05F3FE060}.OSR_Debug_Fuzzer|Win32.Build.0 = OSR_Debug_Fuzzer|Win32
		{16E2FEBE-CFAC-4A57-A90A-E0C05F3FE060}.OSR_Debug_Fuzzer|x64.ActiveCfg = OSR_Debug_Fuzzer|x64
		{16E2FEBE-CFAC-4A57-A90A-E0C05F3FE060}.OSR_Debug_Fuzzer|x64.Build.0 = OSR_Debug_Fuzzer|x64
		{16E2FEBE-CFAC-4A57-A90A-E0C05F3FE060}.OSR_DEBUG_NEW|Win32.ActiveCfg = OSR_DEBUG_NEW|Win32
		{16E2FEBE-CFAC-4A57-A90A-E0C05F3FE060}.OSR_DEBUG_NEW|Win32.Build.0 = OSR_DEBUG_NEW|Win32
		{16E2FEBE-CFAC-4A57-A90A-E0C05F3FE060}.OSR_DEBUG_NEW|x64.ActiveCfg = OSR_DEBUG_NEW|x64
		{16E2FEBE-CFAC-4A57-A90A-E0C05F3FE060}.OSR_DEBUG_NEW|x64.Build.0 = OSR_DEBUG_NEW|x64
		{16E2FEBE-CFAC-4A57-A90A-E0C05F3FE060}.OSR_Debug_Sanitizer|Win32.ActiveCfg = OSR_Debug_Sanitizer|Win32
		{16E2FEBE-CFAC-4A57-A90A-E0C05F3FE060}.OSR_Debug_Sanitizer|Win32.Build.0 = OSR_Debug_Sanitizer|Win32
		{16E2FEBE-CFAC-4A57-A90A-E0C05F3FE060}.OSR_Debug_Sanitizer|x64.ActiveCfg = OSR_Debug_Sanitizer|x64
		{16E2FEBE-CFAC-4A57-A90A-E0C05F3FE060}.OSR_Debug_Sanitizer|x64.Build.0 = OSR_Debug_Sanitizer|x64
		{16E2FEBE-CFAC-4A57-A90A-E0C05F3FE060}.Release|Win32.ActiveCfg = Release|Win32
		{16E2FEBE-CFAC-4A57-A90A-E0C05F3FE060}.Release|Win32.Build.0 = Release|Win32
		{16E2FEBE-CFAC-4A57-A90A-E0C05F3FE060}.Release|x64.ActiveCfg = Release|x64
		{16E2FEBE-CFAC-4A57-A90A-E0C05F3FE060}.Release|x64.Build.0 = Release|x64
		{D1688005-733D-4006-824C-EA4EE8E47B65}.Debug|Win32.ActiveCfg = Debug|Win32
		{D1688005-733D-4006-824C-EA4EE8E47B65}.Debug|Win32.Build.0 = Debug|Win32
		{D1688005-733D-4006-824C-EA4EE8E47B65}.Debug|x64.ActiveCfg = R_WinnerOnline_IDN|x64
		{D1688005-733D-4006-824C-EA4EE8E47B65}.Debug|x64.Build.0 = R_WinnerOnline_IDN|x64
		{D1688005-733D-4006-824C-EA4EE8E47B65}.OldSchoolRivals_ARENA_Release|Win32.ActiveCfg = R_OSR_Arena_2020_new|Win32
		{D1688005-733D-4006-824C-EA4EE8E47B65}.OldSchoolRivals_ARENA_Release|Win32.Build.0 = R_OSR_Arena_2020_new|Win32
		{D1688005-733D-4006-824C-EA4EE8E47B65}.OldSchoolRivals_ARENA_Release|x64.ActiveCfg = OSR_DEBUG_NEW|x64
		{D1688005-733D-4006-824C-EA4EE8E47B65}.OldSchoolRivals_ARENA_Release|x64.Build.0 = OSR_DEBUG_NEW|x64
		{D1688005-733D-4006-824C-EA4EE8E47B65}.OldSchoolRivals_Debug|Win32.ActiveCfg = D_Wikigames_Eng|Win32
		{D1688005-733D-4006-824C-EA4EE8E47B65}.OldSchoolRivals_Debug|Win32.Build.0 = D_Wikigames_Eng|Win32
		{D1688005-733D-4006-824C-EA4EE8E47B65}.OldSchoolRivals_Debug|x64.ActiveCfg = OSR_DEBUG_NEW|x64
		{D1688005-733D-4006-824C-EA4EE8E47B65}.OldSchoolRivals_Debug|x64.Build.0 = OSR_DEBUG_NEW|x64
		{D1688005-733D-4006-824C-EA4EE8E47B65}.OldSchoolRivals_Release|Win32.ActiveCfg = R_Wikigames_Eng|Win32
		{D1688005-733D-4006-824C-EA4EE8E47B65}.OldSchoolRivals_Release|Win32.Build.0 = R_Wikigames_Eng|Win32
		{D1688005-733D-4006-824C-EA4EE8E47B65}.OldSchoolRivals_Release|x64.ActiveCfg = R_Wikigames_Eng|x64
		{D1688005-733D-4006-824C-EA4EE8E47B65}.OldSchoolRivals_Release|x64.Build.0 = R_Wikigames_Eng|x64
		{D1688005-733D-4006-824C-EA4EE8E47B65}.OSR_Debug_Fuzzer|Win32.ActiveCfg = OSR_Debug_Fuzzer|Win32
		{D1688005-733D-4006-824C-EA4EE8E47B65}.OSR_Debug_Fuzzer|Win32.Build.0 = OSR_Debug_Fuzzer|Win32
		{D1688005-733D-4006-824C-EA4EE8E47B65}.OSR_Debug_Fuzzer|x64.ActiveCfg = OSR_Debug_Fuzzer|x64
		{D1688005-733D-4006-824C-EA4EE8E47B65}.OSR_Debug_Fuzzer|x64.Build.0 = OSR_Debug_Fuzzer|x64
		{D1688005-733D-4006-824C-EA4EE8E47B65}.OSR_DEBUG_NEW|Win32.ActiveCfg = OSR_DEBUG_NEW|Win32
		{D1688005-733D-4006-824C-EA4EE8E47B65}.OSR_DEBUG_NEW|Win32.Build.0 = OSR_DEBUG_NEW|Win32
		{D1688005-733D-4006-824C-EA4EE8E47B65}.OSR_DEBUG_NEW|x64.ActiveCfg = OSR_DEBUG_NEW|x64
		{D1688005-733D-4006-824C-EA4EE8E47B65}.OSR_DEBUG_NEW|x64.Build.0 = OSR_DEBUG_NEW|x64
		{D1688005-733D-4006-824C-EA4EE8E47B65}.OSR_Debug_Sanitizer|Win32.ActiveCfg = OSR_Debug_Sanitizer|Win32
		{D1688005-733D-4006-824C-EA4EE8E47B65}.OSR_Debug_Sanitizer|Win32.Build.0 = OSR_Debug_Sanitizer|Win32
		{D1688005-733D-4006-824C-EA4EE8E47B65}.OSR_Debug_Sanitizer|x64.ActiveCfg = OSR_Debug_Sanitizer|x64
		{D1688005-733D-4006-824C-EA4EE8E47B65}.OSR_Debug_Sanitizer|x64.Build.0 = OSR_Debug_Sanitizer|x64
		{D1688005-733D-4006-824C-EA4EE8E47B65}.Release|Win32.ActiveCfg = Release|Win32
		{D1688005-733D-4006-824C-EA4EE8E47B65}.Release|Win32.Build.0 = Release|Win32
		{D1688005-733D-4006-824C-EA4EE8E47B65}.Release|x64.ActiveCfg = Release|x64
		{D1688005-733D-4006-824C-EA4EE8E47B65}.Release|x64.Build.0 = Release|x64
		{2069F588-A5E4-4417-96E6-62892F5BFBD1}.Debug|Win32.ActiveCfg = Debug|Win32
		{2069F588-A5E4-4417-96E6-62892F5BFBD1}.Debug|Win32.Build.0 = Debug|Win32
		{2069F588-A5E4-4417-96E6-62892F5BFBD1}.Debug|x64.ActiveCfg = R_WinnerOnline_IDN|x64
		{2069F588-A5E4-4417-96E6-62892F5BFBD1}.Debug|x64.Build.0 = R_WinnerOnline_IDN|x64
		{2069F588-A5E4-4417-96E6-62892F5BFBD1}.OldSchoolRivals_ARENA_Release|Win32.ActiveCfg = R_OSR_Arena_2020_new|Win32
		{2069F588-A5E4-4417-96E6-62892F5BFBD1}.OldSchoolRivals_ARENA_Release|Win32.Build.0 = R_OSR_Arena_2020_new|Win32
		{2069F588-A5E4-4417-96E6-62892F5BFBD1}.OldSchoolRivals_ARENA_Release|x64.ActiveCfg = OSR_DEBUG_NEW|x64
		{2069F588-A5E4-4417-96E6-62892F5BFBD1}.OldSchoolRivals_ARENA_Release|x64.Build.0 = OSR_DEBUG_NEW|x64
		{2069F588-A5E4-4417-96E6-62892F5BFBD1}.OldSchoolRivals_Debug|Win32.ActiveCfg = D_Wikigames_Eng|Win32
		{2069F588-A5E4-4417-96E6-62892F5BFBD1}.OldSchoolRivals_Debug|Win32.Build.0 = D_Wikigames_Eng|Win32
		{2069F588-A5E4-4417-96E6-62892F5BFBD1}.OldSchoolRivals_Debug|x64.ActiveCfg = OSR_DEBUG_NEW|x64
		{2069F588-A5E4-4417-96E6-62892F5BFBD1}.OldSchoolRivals_Debug|x64.Build.0 = OSR_DEBUG_NEW|x64
		{2069F588-A5E4-4417-96E6-62892F5BFBD1}.OldSchoolRivals_Release|Win32.ActiveCfg = R_Wikigames_Eng|Win32
		{2069F588-A5E4-4417-96E6-62892F5BFBD1}.OldSchoolRivals_Release|Win32.Build.0 = R_Wikigames_Eng|Win32
		{2069F588-A5E4-4417-96E6-62892F5BFBD1}.OldSchoolRivals_Release|x64.ActiveCfg = R_Wikigames_Eng|x64
		{2069F588-A5E4-4417-96E6-62892F5BFBD1}.OldSchoolRivals_Release|x64.Build.0 = R_Wikigames_Eng|x64
		{2069F588-A5E4-4417-96E6-62892F5BFBD1}.OSR_Debug_Fuzzer|Win32.ActiveCfg = OSR_Debug_Fuzzer|Win32
		{2069F588-A5E4-4417-96E6-62892F5BFBD1}.OSR_Debug_Fuzzer|Win32.Build.0 = OSR_Debug_Fuzzer|Win32
		{2069F588-A5E4-4417-96E6-62892F5BFBD1}.OSR_Debug_Fuzzer|x64.ActiveCfg = OSR_Debug_Fuzzer|x64
		{2069F588-A5E4-4417-96E6-62892F5BFBD1}.OSR_Debug_Fuzzer|x64.Build.0 = OSR_Debug_Fuzzer|x64
		{2069F588-A5E4-4417-96E6-62892F5BFBD1}.OSR_DEBUG_NEW|Win32.ActiveCfg = OSR_DEBUG_NEW|Win32
		{2069F588-A5E4-4417-96E6-62892F5BFBD1}.OSR_DEBUG_NEW|Win32.Build.0 = OSR_DEBUG_NEW|Win32
		{2069F588-A5E4-4417-96E6-62892F5BFBD1}.OSR_DEBUG_NEW|x64.ActiveCfg = OSR_DEBUG_NEW|x64
		{2069F588-A5E4-4417-96E6-62892F5BFBD1}.OSR_DEBUG_NEW|x64.Build.0 = OSR_DEBUG_NEW|x64
		{2069F588-A5E4-4417-96E6-62892F5BFBD1}.OSR_Debug_Sanitizer|Win32.ActiveCfg = OSR_Debug_Sanitizer|Win32
		{2069F588-A5E4-4417-96E6-62892F5BFBD1}.OSR_Debug_Sanitizer|Win32.Build.0 = OSR_Debug_Sanitizer|Win32
		{2069F588-A5E4-4417-96E6-62892F5BFBD1}.OSR_Debug_Sanitizer|x64.ActiveCfg = OSR_Debug_Sanitizer|x64
		{2069F588-A5E4-4417-96E6-62892F5BFBD1}.OSR_Debug_Sanitizer|x64.Build.0 = OSR_Debug_Sanitizer|x64
		{2069F588-A5E4-4417-96E6-62892F5BFBD1}.Release|Win32.ActiveCfg = Release|Win32
		{2069F588-A5E4-4417-96E6-62892F5BFBD1}.Release|Win32.Build.0 = Release|Win32
		{2069F588-A5E4-4417-96E6-62892F5BFBD1}.Release|x64.ActiveCfg = Release|x64
		{2069F588-A5E4-4417-96E6-62892F5BFBD1}.Release|x64.Build.0 = Release|x64
		{B4B59BF2-62E2-4875-BF97-FCE69303C5AB}.Debug|Win32.ActiveCfg = Debug|Win32
		{B4B59BF2-62E2-4875-BF97-FCE69303C5AB}.Debug|Win32.Build.0 = Debug|Win32
		{B4B59BF2-62E2-4875-BF97-FCE69303C5AB}.Debug|x64.ActiveCfg = R_WinnerOnline_IDN|x64
		{B4B59BF2-62E2-4875-BF97-FCE69303C5AB}.Debug|x64.Build.0 = R_WinnerOnline_IDN|x64
		{B4B59BF2-62E2-4875-BF97-FCE69303C5AB}.OldSchoolRivals_ARENA_Release|Win32.ActiveCfg = R_OSR_Arena_2020_new|Win32
		{B4B59BF2-62E2-4875-BF97-FCE69303C5AB}.OldSchoolRivals_ARENA_Release|Win32.Build.0 = R_OSR_Arena_2020_new|Win32
		{B4B59BF2-62E2-4875-BF97-FCE69303C5AB}.OldSchoolRivals_ARENA_Release|x64.ActiveCfg = OSR_DEBUG_NEW|x64
		{B4B59BF2-62E2-4875-BF97-FCE69303C5AB}.OldSchoolRivals_ARENA_Release|x64.Build.0 = OSR_DEBUG_NEW|x64
		{B4B59BF2-62E2-4875-BF97-FCE69303C5AB}.OldSchoolRivals_Debug|Win32.ActiveCfg = D_Wikigames_Eng|Win32
		{B4B59BF2-62E2-4875-BF97-FCE69303C5AB}.OldSchoolRivals_Debug|Win32.Build.0 = D_Wikigames_Eng|Win32
		{B4B59BF2-62E2-4875-BF97-FCE69303C5AB}.OldSchoolRivals_Debug|x64.ActiveCfg = OSR_DEBUG_NEW|x64
		{B4B59BF2-62E2-4875-BF97-FCE69303C5AB}.OldSchoolRivals_Debug|x64.Build.0 = OSR_DEBUG_NEW|x64
		{B4B59BF2-62E2-4875-BF97-FCE69303C5AB}.OldSchoolRivals_Release|Win32.ActiveCfg = R_Wikigames_Eng|Win32
		{B4B59BF2-62E2-4875-BF97-FCE69303C5AB}.OldSchoolRivals_Release|Win32.Build.0 = R_Wikigames_Eng|Win32
		{B4B59BF2-62E2-4875-BF97-FCE69303C5AB}.OldSchoolRivals_Release|x64.ActiveCfg = R_Wikigames_Eng|x64
		{B4B59BF2-62E2-4875-BF97-FCE69303C5AB}.OldSchoolRivals_Release|x64.Build.0 = R_Wikigames_Eng|x64
		{B4B59BF2-62E2-4875-BF97-FCE69303C5AB}.OSR_Debug_Fuzzer|Win32.ActiveCfg = OSR_Debug_Fuzzer|Win32
		{B4B59BF2-62E2-4875-BF97-FCE69303C5AB}.OSR_Debug_Fuzzer|Win32.Build.0 = OSR_Debug_Fuzzer|Win32
		{B4B59BF2-62E2-4875-BF97-FCE69303C5AB}.OSR_Debug_Fuzzer|x64.ActiveCfg = OSR_Debug_Fuzzer|x64
		{B4B59BF2-62E2-4875-BF97-FCE69303C5AB}.OSR_Debug_Fuzzer|x64.Build.0 = OSR_Debug_Fuzzer|x64
		{B4B59BF2-62E2-4875-BF97-FCE69303C5AB}.OSR_DEBUG_NEW|Win32.ActiveCfg = OSR_DEBUG_NEW|Win32
		{B4B59BF2-62E2-4875-BF97-FCE69303C5AB}.OSR_DEBUG_NEW|Win32.Build.0 = OSR_DEBUG_NEW|Win32
		{B4B59BF2-62E2-4875-BF97-FCE69303C5AB}.OSR_DEBUG_NEW|x64.ActiveCfg = OSR_DEBUG_NEW|x64
		{B4B59BF2-62E2-4875-BF97-FCE69303C5AB}.OSR_DEBUG_NEW|x64.Build.0 = OSR_DEBUG_NEW|x64
		{B4B59BF2-62E2-4875-BF97-FCE69303C5AB}.OSR_Debug_Sanitizer|Win32.ActiveCfg = OSR_Debug_Sanitizer|Win32
		{B4B59BF2-62E2-4875-BF97-FCE69303C5AB}.OSR_Debug_Sanitizer|Win32.Build.0 = OSR_Debug_Sanitizer|Win32
		{B4B59BF2-62E2-4875-BF97-FCE69303C5AB}.OSR_Debug_Sanitizer|x64.ActiveCfg = OSR_Debug_Sanitizer|x64
		{B4B59BF2-62E2-4875-BF97-FCE69303C5AB}.OSR_Debug_Sanitizer|x64.Build.0 = OSR_Debug_Sanitizer|x64
		{B4B59BF2-62E2-4875-BF97-FCE69303C5AB}.Release|Win32.ActiveCfg = Release|Win32
		{B4B59BF2-62E2-4875-BF97-FCE69303C5AB}.Release|Win32.Build.0 = Release|Win32
		{B4B59BF2-62E2-4875-BF97-FCE69303C5AB}.Release|x64.ActiveCfg = Release|x64
		{B4B59BF2-62E2-4875-BF97-FCE69303C5AB}.Release|x64.Build.0 = Release|x64
		{ACE45AC9-CDCA-499A-BFE7-1AF53968E368}.Debug|Win32.ActiveCfg = Debug|Win32
		{ACE45AC9-CDCA-499A-BFE7-1AF53968E368}.Debug|Win32.Build.0 = Debug|Win32
		{ACE45AC9-CDCA-499A-BFE7-1AF53968E368}.Debug|x64.ActiveCfg = R_WinnerOnline_IDN|x64
		{ACE45AC9-CDCA-499A-BFE7-1AF53968E368}.Debug|x64.Build.0 = R_WinnerOnline_IDN|x64
		{ACE45AC9-CDCA-499A-BFE7-1AF53968E368}.OldSchoolRivals_ARENA_Release|Win32.ActiveCfg = R_OSR_Arena_2020_new|Win32
		{ACE45AC9-CDCA-499A-BFE7-1AF53968E368}.OldSchoolRivals_ARENA_Release|Win32.Build.0 = R_OSR_Arena_2020_new|Win32
		{ACE45AC9-CDCA-499A-BFE7-1AF53968E368}.OldSchoolRivals_ARENA_Release|x64.ActiveCfg = OSR_DEBUG_NEW|x64
		{ACE45AC9-CDCA-499A-BFE7-1AF53968E368}.OldSchoolRivals_ARENA_Release|x64.Build.0 = OSR_DEBUG_NEW|x64
		{ACE45AC9-CDCA-499A-BFE7-1AF53968E368}.OldSchoolRivals_Debug|Win32.ActiveCfg = D_Wikigames_Eng|Win32
		{ACE45AC9-CDCA-499A-BFE7-1AF53968E368}.OldSchoolRivals_Debug|Win32.Build.0 = D_Wikigames_Eng|Win32
		{ACE45AC9-CDCA-499A-BFE7-1AF53968E368}.OldSchoolRivals_Debug|x64.ActiveCfg = OSR_DEBUG_NEW|x64
		{ACE45AC9-CDCA-499A-BFE7-1AF53968E368}.OldSchoolRivals_Debug|x64.Build.0 = OSR_DEBUG_NEW|x64
		{ACE45AC9-CDCA-499A-BFE7-1AF53968E368}.OldSchoolRivals_Release|Win32.ActiveCfg = R_Wikigames_Eng|Win32
		{ACE45AC9-CDCA-499A-BFE7-1AF53968E368}.OldSchoolRivals_Release|Win32.Build.0 = R_Wikigames_Eng|Win32
		{ACE45AC9-CDCA-499A-BFE7-1AF53968E368}.OldSchoolRivals_Release|x64.ActiveCfg = R_Wikigames_Eng|x64
		{ACE45AC9-CDCA-499A-BFE7-1AF53968E368}.OldSchoolRivals_Release|x64.Build.0 = R_Wikigames_Eng|x64
		{ACE45AC9-CDCA-499A-BFE7-1AF53968E368}.OSR_Debug_Fuzzer|Win32.ActiveCfg = OSR_Debug_Fuzzer|Win32
		{ACE45AC9-CDCA-499A-BFE7-1AF53968E368}.OSR_Debug_Fuzzer|Win32.Build.0 = OSR_Debug_Fuzzer|Win32
		{ACE45AC9-CDCA-499A-BFE7-1AF53968E368}.OSR_Debug_Fuzzer|x64.ActiveCfg = OSR_Debug_Fuzzer|x64
		{ACE45AC9-CDCA-499A-BFE7-1AF53968E368}.OSR_Debug_Fuzzer|x64.Build.0 = OSR_Debug_Fuzzer|x64
		{ACE45AC9-CDCA-499A-BFE7-1AF53968E368}.OSR_DEBUG_NEW|Win32.ActiveCfg = OSR_DEBUG_NEW|Win32
		{ACE45AC9-CDCA-499A-BFE7-1AF53968E368}.OSR_DEBUG_NEW|Win32.Build.0 = OSR_DEBUG_NEW|Win32
		{ACE45AC9-CDCA-499A-BFE7-1AF53968E368}.OSR_DEBUG_NEW|x64.ActiveCfg = OSR_DEBUG_NEW|x64
		{ACE45AC9-CDCA-499A-BFE7-1AF53968E368}.OSR_DEBUG_NEW|x64.Build.0 = OSR_DEBUG_NEW|x64
		{ACE45AC9-CDCA-499A-BFE7-1AF53968E368}.OSR_Debug_Sanitizer|Win32.ActiveCfg = OSR_Debug_Sanitizer|Win32
		{ACE45AC9-CDCA-499A-BFE7-1AF53968E368}.OSR_Debug_Sanitizer|Win32.Build.0 = OSR_Debug_Sanitizer|Win32
		{ACE45AC9-CDCA-499A-BFE7-1AF53968E368}.OSR_Debug_Sanitizer|x64.ActiveCfg = OSR_Debug_Sanitizer|x64
		{ACE45AC9-CDCA-499A-BFE7-1AF53968E368}.OSR_Debug_Sanitizer|x64.Build.0 = OSR_Debug_Sanitizer|x64
		{ACE45AC9-CDCA-499A-BFE7-1AF53968E368}.Release|Win32.ActiveCfg = Release|Win32
		{ACE45AC9-CDCA-499A-BFE7-1AF53968E368}.Release|Win32.Build.0 = Release|Win32
		{ACE45AC9-CDCA-499A-BFE7-1AF53968E368}.Release|x64.ActiveCfg = Release|x64
		{ACE45AC9-CDCA-499A-BFE7-1AF53968E368}.Release|x64.Build.0 = Release|x64
		{C1D5D26B-7EC0-4E5F-8B50-E8E5E92C4FD6}.Debug|Win32.ActiveCfg = Debug|Win32
		{C1D5D26B-7EC0-4E5F-8B50-E8E5E92C4FD6}.Debug|Win32.Build.0 = Debug|Win32
		{C1D5D26B-7EC0-4E5F-8B50-E8E5E92C4FD6}.Debug|x64.ActiveCfg = R_WinnerOnline_IDN|x64
		{C1D5D26B-7EC0-4E5F-8B50-E8E5E92C4FD6}.Debug|x64.Build.0 = R_WinnerOnline_IDN|x64
		{C1D5D26B-7EC0-4E5F-8B50-E8E5E92C4FD6}.OldSchoolRivals_ARENA_Release|Win32.ActiveCfg = R_OSR_Arena_2020_new|Win32
		{C1D5D26B-7EC0-4E5F-8B50-E8E5E92C4FD6}.OldSchoolRivals_ARENA_Release|Win32.Build.0 = R_OSR_Arena_2020_new|Win32
		{C1D5D26B-7EC0-4E5F-8B50-E8E5E92C4FD6}.OldSchoolRivals_ARENA_Release|x64.ActiveCfg = OSR_DEBUG_NEW|x64
		{C1D5D26B-7EC0-4E5F-8B50-E8E5E92C4FD6}.OldSchoolRivals_ARENA_Release|x64.Build.0 = OSR_DEBUG_NEW|x64
		{C1D5D26B-7EC0-4E5F-8B50-E8E5E92C4FD6}.OldSchoolRivals_Debug|Win32.ActiveCfg = D_Wikigames_Eng|Win32
		{C1D5D26B-7EC0-4E5F-8B50-E8E5E92C4FD6}.OldSchoolRivals_Debug|Win32.Build.0 = D_Wikigames_Eng|Win32
		{C1D5D26B-7EC0-4E5F-8B50-E8E5E92C4FD6}.OldSchoolRivals_Debug|x64.ActiveCfg = OSR_DEBUG_NEW|x64
		{C1D5D26B-7EC0-4E5F-8B50-E8E5E92C4FD6}.OldSchoolRivals_Debug|x64.Build.0 = OSR_DEBUG_NEW|x64
		{C1D5D26B-7EC0-4E5F-8B50-E8E5E92C4FD6}.OldSchoolRivals_Release|Win32.ActiveCfg = R_Wikigames_Eng|Win32
		{C1D5D26B-7EC0-4E5F-8B50-E8E5E92C4FD6}.OldSchoolRivals_Release|Win32.Build.0 = R_Wikigames_Eng|Win32
		{C1D5D26B-7EC0-4E5F-8B50-E8E5E92C4FD6}.OldSchoolRivals_Release|x64.ActiveCfg = R_Wikigames_Eng|x64
		{C1D5D26B-7EC0-4E5F-8B50-E8E5E92C4FD6}.OldSchoolRivals_Release|x64.Build.0 = R_Wikigames_Eng|x64
		{C1D5D26B-7EC0-4E5F-8B50-E8E5E92C4FD6}.OSR_Debug_Fuzzer|Win32.ActiveCfg = OSR_Debug_Fuzzer|Win32
		{C1D5D26B-7EC0-4E5F-8B50-E8E5E92C4FD6}.OSR_Debug_Fuzzer|Win32.Build.0 = OSR_Debug_Fuzzer|Win32
		{C1D5D26B-7EC0-4E5F-8B50-E8E5E92C4FD6}.OSR_Debug_Fuzzer|x64.ActiveCfg = OSR_Debug_Fuzzer|x64
		{C1D5D26B-7EC0-4E5F-8B50-E8E5E92C4FD6}.OSR_Debug_Fuzzer|x64.Build.0 = OSR_Debug_Fuzzer|x64
		{C1D5D26B-7EC0-4E5F-8B50-E8E5E92C4FD6}.OSR_DEBUG_NEW|Win32.ActiveCfg = OSR_DEBUG_NEW|Win32
		{C1D5D26B-7EC0-4E5F-8B50-E8E5E92C4FD6}.OSR_DEBUG_NEW|Win32.Build.0 = OSR_DEBUG_NEW|Win32
		{C1D5D26B-7EC0-4E5F-8B50-E8E5E92C4FD6}.OSR_DEBUG_NEW|x64.ActiveCfg = OSR_DEBUG_NEW|x64
		{C1D5D26B-7EC0-4E5F-8B50-E8E5E92C4FD6}.OSR_DEBUG_NEW|x64.Build.0 = OSR_DEBUG_NEW|x64
		{C1D5D26B-7EC0-4E5F-8B50-E8E5E92C4FD6}.OSR_Debug_Sanitizer|Win32.ActiveCfg = OSR_Debug_Sanitizer|Win32
		{C1D5D26B-7EC0-4E5F-8B50-E8E5E92C4FD6}.OSR_Debug_Sanitizer|Win32.Build.0 = OSR_Debug_Sanitizer|Win32
		{C1D5D26B-7EC0-4E5F-8B50-E8E5E92C4FD6}.OSR_Debug_Sanitizer|x64.ActiveCfg = OSR_Debug_Sanitizer|x64
		{C1D5D26B-7EC0-4E5F-8B50-E8E5E92C4FD6}.OSR_Debug_Sanitizer|x64.Build.0 = OSR_Debug_Sanitizer|x64
		{C1D5D26B-7EC0-4E5F-8B50-E8E5E92C4FD6}.Release|Win32.ActiveCfg = Release|Win32
		{C1D5D26B-7EC0-4E5F-8B50-E8E5E92C4FD6}.Release|Win32.Build.0 = Release|Win32
		{C1D5D26B-7EC0-4E5F-8B50-E8E5E92C4FD6}.Release|x64.ActiveCfg = Release|x64
		{C1D5D26B-7EC0-4E5F-8B50-E8E5E92C4FD6}.Release|x64.Build.0 = Release|x64
		{9D1F6D4C-BFD6-4D0D-8E94-A3D6C1E0FF71}.Debug|Win32.ActiveCfg = Debug|Win32
		{9D1F6D4C-BFD6-4D0D-8E94-A3D6C1E0FF71}.Debug|Win32.Build.0 = Debug|Win32
		{9D1F6D4C-BFD6-4D0D-8E94-A3D6C1E0FF71}.Debug|x64.ActiveCfg = R_Wikigames_Eng_ARENA|x64
		{9D1F6D4C-BFD6-4D0D-8E94-A3D6C1E0FF71}.Debug|x64.Build.0 = R_Wikigames_Eng_ARENA|x64
		{9D1F6D4C-BFD6-4D0D-8E94-A3D6C1E0FF71}.OldSchoolRivals_ARENA_Release|Win32.ActiveCfg = R_OSR_Arena_2020_new|Win32
		{9D1F6D4C-BFD6-4D0D-8E94-A3D6C1E0FF71}.OldSchoolRivals_ARENA_Release|Win32.Build.0 = R_OSR_Arena_2020_new|Win32
		{9D1F6D4C-BFD6-4D0D-8E94-A3D6C1E0FF71}.OldSchoolRivals_ARENA_Release|x64.ActiveCfg = OSR_DEBUG_NEW|x64
		{9D1F6D4C-BFD6-4D0D-8E94-A3D6C1E0FF71}.OldSchoolRivals_ARENA_Release|x64.Build.0 = OSR_DEBUG_NEW|x64
		{9D1F6D4C-BFD6-4D0D-8E94-A3D6C1E0FF71}.OldSchoolRivals_Debug|Win32.ActiveCfg = Debug|Win32
		{9D1F6D4C-BFD6-4D0D-8E94-A3D6C1E0FF71}.OldSchoolRivals_Debug|Win32.Build.0 = Debug|Win32
		{9D1F6D4C-BFD6-4D0D-8E94-A3D6C1E0FF71}.OldSchoolRivals_Debug|x64.ActiveCfg = OSR_DEBUG_NEW|x64
		{9D1F6D4C-BFD6-4D0D-8E94-A3D6C1E0FF71}.OldSchoolRivals_Debug|x64.Build.0 = OSR_DEBUG_NEW|x64
		{9D1F6D4C-BFD6-4D0D-8E94-A3D6C1E0FF71}.OldSchoolRivals_Release|Win32.ActiveCfg = R_Wikigames_Eng|Win32
		{9D1F6D4C-BFD6-4D0D-8E94-A3D6C1E0FF71}.OldSchoolRivals_Release|Win32.Build.0 = R_Wikigames_Eng|Win32
		{9D1F6D4C-BFD6-4D0D-8E94-A3D6C1E0FF71}.OldSchoolRivals_Release|x64.ActiveCfg = R_Wikigames_Eng|x64
		{9D1F6D4C-BFD6-4D0D-8E94-A3D6C1E0FF71}.OldSchoolRivals_Release|x64.Build.0 = R_Wikigames_Eng|x64
		{9D1F6D4C-BFD6-4D0D-8E94-A3D6C1E0FF71}.OSR_Debug_Fuzzer|Win32.ActiveCfg = OSR_Debug_Fuzzer|Win32
		{9D1F6D4C-BFD6-4D0D-8E94-A3D6C1E0FF71}.OSR_Debug_Fuzzer|Win32.Build.0 = OSR_Debug_Fuzzer|Win32
		{9D1F6D4C-BFD6-4D0D-8E94-A3D6C1E0FF71}.OSR_Debug_Fuzzer|x64.ActiveCfg = OSR_Debug_Fuzzer|x64
		{9D1F6D4C-BFD6-4D0D-8E94-A3D6C1E0FF71}.OSR_Debug_Fuzzer|x64.Build.0 = OSR_Debug_Fuzzer|x64
		{9D1F6D4C-BFD6-4D0D-8E94-A3D6C1E0FF71}.OSR_DEBUG_NEW|Win32.ActiveCfg = OSR_DEBUG_NEW|Win32
		{9D1F6D4C-BFD6-4D0D-8E94-A3D6C1E0FF71}.OSR_DEBUG_NEW|Win32.Build.0 = OSR_DEBUG_NEW|Win32
		{9D1F6D4C-BFD6-4D0D-8E94-A3D6C1E0FF71}.OSR_DEBUG_NEW|x64.ActiveCfg = OSR_DEBUG_NEW|x64
		{9D1F6D4C-BFD6-4D0D-8E94-A3D6C1E0FF71}.OSR_DEBUG_NEW|x64.Build.0 = OSR_DEBUG_NEW|x64
		{9D1F6D4C-BFD6-4D0D-8E94-A3D6C1E0FF71}.OSR_Debug_Sanitizer|Win32.ActiveCfg = OSR_Debug_Sanitizer|Win32
		{9D1F6D4C-BFD6-4D0D-8E94-A3D6C1E0FF71}.OSR_Debug_Sanitizer|Win32.Build.0 = OSR_Debug_Sanitizer|Win32
		{9D1F6D4C-BFD6-4D0D-8E94-A3D6C1E0FF71}.OSR_Debug_Sanitizer|x64.ActiveCfg = OSR_Debug_Sanitizer|x64
		{9D1F6D4C-BFD6-4D0D-8E94-A3D6C1E0FF71}.OSR_Debug_Sanitizer|x64.Build.0 = OSR_Debug_Sanitizer|x64
		{9D1F6D4C-BFD6-4D0D-8E94-A3D6C1E0FF71}.Release|Win32.ActiveCfg = Release|Win32
		{9D1F6D4C-BFD6-4D0D-8E94-A3D6C1E0FF71}.Release|Win32.Build.0 = Release|Win32
		{9D1F6D4C-BFD6-4D0D-8E94-A3D6C1E0FF71}.Release|x64.ActiveCfg = Release|x64
		{9D1F6D4C-BFD6-4D0D-8E94-A3D6C1E0FF71}.Release|x64.Build.0 = Release|x64
		{2080B191-7DD4-445D-83EB-1AF6D909D3E6}.Debug|Win32.ActiveCfg = Debug|Win32
		{2080B191-7DD4-445D-83EB-1AF6D909D3E6}.Debug|Win32.Build.0 = Debug|Win32
		{2080B191-7DD4-445D-83EB-1AF6D909D3E6}.Debug|x64.ActiveCfg = R_WinnerOnline_IDN|x64
		{2080B191-7DD4-445D-83EB-1AF6D909D3E6}.Debug|x64.Build.0 = R_WinnerOnline_IDN|x64
		{2080B191-7DD4-445D-83EB-1AF6D909D3E6}.OldSchoolRivals_ARENA_Release|Win32.ActiveCfg = R_OSR_Arena_2020_new|Win32
		{2080B191-7DD4-445D-83EB-1AF6D909D3E6}.OldSchoolRivals_ARENA_Release|Win32.Build.0 = R_OSR_Arena_2020_new|Win32
		{2080B191-7DD4-445D-83EB-1AF6D909D3E6}.OldSchoolRivals_ARENA_Release|x64.ActiveCfg = OSR_DEBUG_NEW|x64
		{2080B191-7DD4-445D-83EB-1AF6D909D3E6}.OldSchoolRivals_ARENA_Release|x64.Build.0 = OSR_DEBUG_NEW|x64
		{2080B191-7DD4-445D-83EB-1AF6D909D3E6}.OldSchoolRivals_Debug|Win32.ActiveCfg = Debug|Win32
		{2080B191-7DD4-445D-83EB-1AF6D909D3E6}.OldSchoolRivals_Debug|Win32.Build.0 = Debug|Win32
		{2080B191-7DD4-445D-83EB-1AF6D909D3E6}.OldSchoolRivals_Debug|x64.ActiveCfg = OSR_DEBUG_NEW|x64
		{2080B191-7DD4-445D-83EB-1AF6D909D3E6}.OldSchoolRivals_Debug|x64.Build.0 = OSR_DEBUG_NEW|x64
		{2080B191-7DD4-445D-83EB-1AF6D909D3E6}.OldSchoolRivals_Release|Win32.ActiveCfg = R_Wikigames_Eng|Win32
		{2080B191-7DD4-445D-83EB-1AF6D909D3E6}.OldSchoolRivals_Release|Win32.Build.0 = R_Wikigames_Eng|Win32
		{2080B191-7DD4-445D-83EB-1AF6D909D3E6}.OldSchoolRivals_Release|x64.ActiveCfg = R_Wikigames_Eng|x64
		{2080B191-7DD4-445D-83EB-1AF6D909D3E6}.OldSchoolRivals_Release|x64.Build.0 = R_Wikigames_Eng|x64
		{2080B191-7DD4-445D-83EB-1AF6D909D3E6}.OSR_Debug_Fuzzer|Win32.ActiveCfg = OSR_Debug_Fuzzer|Win32
		{2080B191-7DD4-445D-83EB-1AF6D909D3E6}.OSR_Debug_Fuzzer|Win32.Build.0 = OSR_Debug_Fuzzer|Win32
		{2080B191-7DD4-445D-83EB-1AF6D909D3E6}.OSR_Debug_Fuzzer|x64.ActiveCfg = OSR_Debug_Fuzzer|x64
		{2080B191-7DD4-445D-83EB-1AF6D909D3E6}.OSR_Debug_Fuzzer|x64.Build.0 = OSR_Debug_Fuzzer|x64
		{2080B191-7DD4-445D-83EB-1AF6D909D3E6}.OSR_DEBUG_NEW|Win32.ActiveCfg = OSR_DEBUG_NEW|Win32
		{2080B191-7DD4-445D-83EB-1AF6D909D3E6}.OSR_DEBUG_NEW|Win32.Build.0 = OSR_DEBUG_NEW|Win32
		{2080B191-7DD4-445D-83EB-1AF6D909D3E6}.OSR_DEBUG_NEW|x64.ActiveCfg = OSR_DEBUG_NEW|x64
		{2080B191-7DD4-445D-83EB-1AF6D909D3E6}.OSR_DEBUG_NEW|x64.Build.0 = OSR_DEBUG_NEW|x64
		{2080B191-7DD4-445D-83EB-1AF6D909D3E6}.OSR_Debug_Sanitizer|Win32.ActiveCfg = OSR_Debug_Sanitizer|Win32
		{2080B191-7DD4-445D-83EB-1AF6D909D3E6}.OSR_Debug_Sanitizer|Win32.Build.0 = OSR_Debug_Sanitizer|Win32
		{2080B191-7DD4-445D-83EB-1AF6D909D3E6}.OSR_Debug_Sanitizer|x64.ActiveCfg = OSR_Debug_Sanitizer|x64
		{2080B191-7DD4-445D-83EB-1AF6D909D3E6}.OSR_Debug_Sanitizer|x64.Build.0 = OSR_Debug_Sanitizer|x64
		{2080B191-7DD4-445D-83EB-1AF6D909D3E6}.Release|Win32.ActiveCfg = Release|Win32
		{2080B191-7DD4-445D-83EB-1AF6D909D3E6}.Release|Win32.Build.0 = Release|Win32
		{2080B191-7DD4-445D-83EB-1AF6D909D3E6}.Release|x64.ActiveCfg = Release|x64
		{2080B191-7DD4-445D-83EB-1AF6D909D3E6}.Release|x64.Build.0 = Release|x64
		{51282986-7E9F-4CCC-A32E-A5B79E4754D3}.Debug|Win32.ActiveCfg = Debug|Win32
		{51282986-7E9F-4CCC-A32E-A5B79E4754D3}.Debug|Win32.Build.0 = Debug|Win32
		{51282986-7E9F-4CCC-A32E-A5B79E4754D3}.Debug|x64.ActiveCfg = R_Wikigames_Eng_ARENA|x64
		{51282986-7E9F-4CCC-A32E-A5B79E4754D3}.Debug|x64.Build.0 = R_Wikigames_Eng_ARENA|x64
		{51282986-7E9F-4CCC-A32E-A5B79E4754D3}.OldSchoolRivals_ARENA_Release|Win32.ActiveCfg = R_OSR_Arena_2020_new|Win32
		{51282986-7E9F-4CCC-A32E-A5B79E4754D3}.OldSchoolRivals_ARENA_Release|Win32.Build.0 = R_OSR_Arena_2020_new|Win32
		{51282986-7E9F-4CCC-A32E-A5B79E4754D3}.OldSchoolRivals_ARENA_Release|x64.ActiveCfg = OSR_DEBUG_NEW|x64
		{51282986-7E9F-4CCC-A32E-A5B79E4754D3}.OldSchoolRivals_ARENA_Release|x64.Build.0 = OSR_DEBUG_NEW|x64
		{51282986-7E9F-4CCC-A32E-A5B79E4754D3}.OldSchoolRivals_Debug|Win32.ActiveCfg = Debug|Win32
		{51282986-7E9F-4CCC-A32E-A5B79E4754D3}.OldSchoolRivals_Debug|Win32.Build.0 = Debug|Win32
		{51282986-7E9F-4CCC-A32E-A5B79E4754D3}.OldSchoolRivals_Debug|x64.ActiveCfg = OSR_DEBUG_NEW|x64
		{51282986-7E9F-4CCC-A32E-A5B79E4754D3}.OldSchoolRivals_Debug|x64.Build.0 = OSR_DEBUG_NEW|x64
		{51282986-7E9F-4CCC-A32E-A5B79E4754D3}.OldSchoolRivals_Release|Win32.ActiveCfg = Release|Win32
		{51282986-7E9F-4CCC-A32E-A5B79E4754D3}.OldSchoolRivals_Release|Win32.Build.0 = Release|Win32
		{51282986-7E9F-4CCC-A32E-A5B79E4754D3}.OldSchoolRivals_Release|x64.ActiveCfg = R_Wikigames_Arena|x64
		{51282986-7E9F-4CCC-A32E-A5B79E4754D3}.OldSchoolRivals_Release|x64.Build.0 = R_Wikigames_Arena|x64
		{51282986-7E9F-4CCC-A32E-A5B79E4754D3}.OSR_Debug_Fuzzer|Win32.ActiveCfg = OSR_Debug_Fuzzer|Win32
		{51282986-7E9F-4CCC-A32E-A5B79E4754D3}.OSR_Debug_Fuzzer|Win32.Build.0 = OSR_Debug_Fuzzer|Win32
		{51282986-7E9F-4CCC-A32E-A5B79E4754D3}.OSR_Debug_Fuzzer|x64.ActiveCfg = OSR_Debug_Fuzzer|x64
		{51282986-7E9F-4CCC-A32E-A5B79E4754D3}.OSR_Debug_Fuzzer|x64.Build.0 = OSR_Debug_Fuzzer|x64
		{51282986-7E9F-4CCC-A32E-A5B79E4754D3}.OSR_DEBUG_NEW|Win32.ActiveCfg = OSR_DEBUG_NEW|Win32
		{51282986-7E9F-4CCC-A32E-A5B79E4754D3}.OSR_DEBUG_NEW|Win32.Build.0 = OSR_DEBUG_NEW|Win32
		{51282986-7E9F-4CCC-A32E-A5B79E4754D3}.OSR_DEBUG_NEW|x64.ActiveCfg = OSR_DEBUG_NEW|x64
		{51282986-7E9F-4CCC-A32E-A5B79E4754D3}.OSR_DEBUG_NEW|x64.Build.0 = OSR_DEBUG_NEW|x64
		{51282986-7E9F-4CCC-A32E-A5B79E4754D3}.OSR_Debug_Sanitizer|Win32.ActiveCfg = OSR_Debug_Sanitizer|Win32
		{51282986-7E9F-4CCC-A32E-A5B79E4754D3}.OSR_Debug_Sanitizer|Win32.Build.0 = OSR_Debug_Sanitizer|Win32
		{51282986-7E9F-4CCC-A32E-A5B79E4754D3}.OSR_Debug_Sanitizer|x64.ActiveCfg = OSR_Debug_Sanitizer|x64
		{51282986-7E9F-4CCC-A32E-A5B79E4754D3}.OSR_Debug_Sanitizer|x64.Build.0 = OSR_Debug_Sanitizer|x64
		{51282986-7E9F-4CCC-A32E-A5B79E4754D3}.Release|Win32.ActiveCfg = Release|Win32
		{51282986-7E9F-4CCC-A32E-A5B79E4754D3}.Release|Win32.Build.0 = Release|Win32
		{51282986-7E9F-4CCC-A32E-A5B79E4754D3}.Release|x64.ActiveCfg = Release|x64
		{51282986-7E9F-4CCC-A32E-A5B79E4754D3}.Release|x64.Build.0 = Release|x64
		{ED493DAC-966C-4143-94E5-AC663BE8E5AF}.Debug|Win32.ActiveCfg = Debug|Win32
		{ED493DAC-966C-4143-94E5-AC663BE8E5AF}.Debug|Win32.Build.0 = Debug|Win32
		{ED493DAC-966C-4143-94E5-AC663BE8E5AF}.Debug|x64.ActiveCfg = Debug|x64
		{ED493DAC-966C-4143-94E5-AC663BE8E5AF}.Debug|x64.Build.0 = Debug|x64
		{ED493DAC-966C-4143-94E5-AC663BE8E5AF}.OldSchoolRivals_ARENA_Release|Win32.ActiveCfg = Release|Win32
		{ED493DAC-966C-4143-94E5-AC663BE8E5AF}.OldSchoolRivals_ARENA_Release|Win32.Build.0 = Release|Win32
		{ED493DAC-966C-4143-94E5-AC663BE8E5AF}.OldSchoolRivals_ARENA_Release|x64.ActiveCfg = OSR_DEBUG_NEW|x64
		{ED493DAC-966C-4143-94E5-AC663BE8E5AF}.OldSchoolRivals_ARENA_Release|x64.Build.0 = OSR_DEBUG_NEW|x64
		{ED493DAC-966C-4143-94E5-AC663BE8E5AF}.OldSchoolRivals_Debug|Win32.ActiveCfg = Debug|Win32
		{ED493DAC-966C-4143-94E5-AC663BE8E5AF}.OldSchoolRivals_Debug|Win32.Build.0 = Debug|Win32
		{ED493DAC-966C-4143-94E5-AC663BE8E5AF}.OldSchoolRivals_Debug|x64.ActiveCfg = OSR_DEBUG_NEW|x64
		{ED493DAC-966C-4143-94E5-AC663BE8E5AF}.OldSchoolRivals_Debug|x64.Build.0 = OSR_DEBUG_NEW|x64
		{ED493DAC-966C-4143-94E5-AC663BE8E5AF}.OldSchoolRivals_Release|Win32.ActiveCfg = Release|Win32
		{ED493DAC-966C-4143-94E5-AC663BE8E5AF}.OldSchoolRivals_Release|Win32.Build.0 = Release|Win32
		{ED493DAC-966C-4143-94E5-AC663BE8E5AF}.OldSchoolRivals_Release|x64.ActiveCfg = Release|x64
		{ED493DAC-966C-4143-94E5-AC663BE8E5AF}.OldSchoolRivals_Release|x64.Build.0 = Release|x64
		{ED493DAC-966C-4143-94E5-AC663BE8E5AF}.OSR_Debug_Fuzzer|Win32.ActiveCfg = OSR_Debug_Fuzzer|Win32
		{ED493DAC-966C-4143-94E5-AC663BE8E5AF}.OSR_Debug_Fuzzer|Win32.Build.0 = OSR_Debug_Fuzzer|Win32
		{ED493DAC-966C-4143-94E5-AC663BE8E5AF}.OSR_Debug_Fuzzer|x64.ActiveCfg = OSR_Debug_Fuzzer|x64
		{ED493DAC-966C-4143-94E5-AC663BE8E5AF}.OSR_Debug_Fuzzer|x64.Build.0 = OSR_Debug_Fuzzer|x64
		{ED493DAC-966C-4143-94E5-AC663BE8E5AF}.OSR_DEBUG_NEW|Win32.ActiveCfg = OSR_DEBUG_NEW|Win32
		{ED493DAC-966C-4143-94E5-AC663BE8E5AF}.OSR_DEBUG_NEW|Win32.Build.0 = OSR_DEBUG_NEW|Win32
		{ED493DAC-966C-4143-94E5-AC663BE8E5AF}.OSR_DEBUG_NEW|x64.ActiveCfg = OSR_DEBUG_NEW|x64
		{ED493DAC-966C-4143-94E5-AC663BE8E5AF}.OSR_DEBUG_NEW|x64.Build.0 = OSR_DEBUG_NEW|x64
		{ED493DAC-966C-4143-94E5-AC663BE8E5AF}.OSR_Debug_Sanitizer|Win32.ActiveCfg = OSR_Debug_Sanitizer|Win32
		{ED493DAC-966C-4143-94E5-AC663BE8E5AF}.OSR_Debug_Sanitizer|Win32.Build.0 = OSR_Debug_Sanitizer|Win32
		{ED493DAC-966C-4143-94E5-AC663BE8E5AF}.OSR_Debug_Sanitizer|x64.ActiveCfg = OSR_Debug_Sanitizer|x64
		{ED493DAC-966C-4143-94E5-AC663BE8E5AF}.OSR_Debug_Sanitizer|x64.Build.0 = OSR_Debug_Sanitizer|x64
		{ED493DAC-966C-4143-94E5-AC663BE8E5AF}.Release|Win32.ActiveCfg = Release|Win32
		{ED493DAC-966C-4143-94E5-AC663BE8E5AF}.Release|Win32.Build.0 = Release|Win32
		{ED493DAC-966C-4143-94E5-AC663BE8E5AF}.Release|x64.ActiveCfg = Release|x64
		{ED493DAC-966C-4143-94E5-AC663BE8E5AF}.Release|x64.Build.0 = Release|x64
	EndGlobalSection
	GlobalSection(SolutionProperties) = preSolution
		HideSolutionNode = FALSE
	EndGlobalSection
	GlobalSection(ExtensibilityGlobals) = postSolution
		SolutionGuid = {F08518CA-1229-4C0F-99B4-6E6125355498}
	EndGlobalSection
EndGlobal
